// !$*UTF8*$!
{
	archiveVersion = 1;
	classes = {
	};
	objectVersion = 50;
	objects = {

/* Begin PBXBuildFile section */
		2485571C22A4B9980059F07D /* ScenicModel.h in Headers */ = {isa = PBXBuildFile; fileRef = 248556D522A4B9980059F07D /* ScenicModel.h */; };
		2485571D22A4B9980059F07D /* ScenicModel.m in Sources */ = {isa = PBXBuildFile; fileRef = 248556D622A4B9980059F07D /* ScenicModel.m */; };
		2485571E22A4B9980059F07D /* AirNowModel.m in Sources */ = {isa = PBXBuildFile; fileRef = 248556D822A4B9980059F07D /* AirNowModel.m */; };
		2485571F22A4B9980059F07D /* AirNowModel.h in Headers */ = {isa = PBXBuildFile; fileRef = 248556D922A4B9980059F07D /* AirNowModel.h */; };
		2485572022A4B9980059F07D /* SolarSunriseSunsetModel.h in Headers */ = {isa = PBXBuildFile; fileRef = 248556DB22A4B9980059F07D /* SolarSunriseSunsetModel.h */; };
		2485572122A4B9980059F07D /* SolarSunriseSunsetModel.m in Sources */ = {isa = PBXBuildFile; fileRef = 248556DC22A4B9980059F07D /* SolarSunriseSunsetModel.m */; };
		2485572222A4B9980059F07D /* FindModel.h in Headers */ = {isa = PBXBuildFile; fileRef = 248556DE22A4B9980059F07D /* FindModel.h */; };
		2485572322A4B9980059F07D /* FindModel.m in Sources */ = {isa = PBXBuildFile; fileRef = 248556DF22A4B9980059F07D /* FindModel.m */; };
		2485572422A4B9980059F07D /* AlarmModel.h in Headers */ = {isa = PBXBuildFile; fileRef = 248556E122A4B9980059F07D /* AlarmModel.h */; };
		2485572522A4B9980059F07D /* AlarmModel.m in Sources */ = {isa = PBXBuildFile; fileRef = 248556E222A4B9980059F07D /* AlarmModel.m */; };
		2485572622A4B9980059F07D /* WeatherHistoricalModel.h in Headers */ = {isa = PBXBuildFile; fileRef = 248556E422A4B9980059F07D /* WeatherHistoricalModel.h */; };
		2485572722A4B9980059F07D /* WeatherHistoricalModel.m in Sources */ = {isa = PBXBuildFile; fileRef = 248556E522A4B9980059F07D /* WeatherHistoricalModel.m */; };
		2485572822A4B9980059F07D /* WeatherGridMinuteModel.h in Headers */ = {isa = PBXBuildFile; fileRef = 248556E722A4B9980059F07D /* WeatherGridMinuteModel.h */; };
		2485572922A4B9980059F07D /* WeatherGridMinuteModel.m in Sources */ = {isa = PBXBuildFile; fileRef = 248556E822A4B9980059F07D /* WeatherGridMinuteModel.m */; };
		2485572A22A4B9980059F07D /* WeatherNowModel.h in Headers */ = {isa = PBXBuildFile; fileRef = 248556EA22A4B9980059F07D /* WeatherNowModel.h */; };
		2485572B22A4B9980059F07D /* WeatherNowModel.m in Sources */ = {isa = PBXBuildFile; fileRef = 248556EB22A4B9980059F07D /* WeatherNowModel.m */; };
		2485572C22A4B9980059F07D /* SearchModel.h in Headers */ = {isa = PBXBuildFile; fileRef = 248556ED22A4B9980059F07D /* SearchModel.h */; };
		2485572D22A4B9980059F07D /* SearchModel.m in Sources */ = {isa = PBXBuildFile; fileRef = 248556EE22A4B9980059F07D /* SearchModel.m */; };
		2485572E22A4B9980059F07D /* WeatherGridHourlyModel.m in Sources */ = {isa = PBXBuildFile; fileRef = 248556F022A4B9980059F07D /* WeatherGridHourlyModel.m */; };
		2485572F22A4B9980059F07D /* WeatherGridHourlyModel.h in Headers */ = {isa = PBXBuildFile; fileRef = 248556F122A4B9980059F07D /* WeatherGridHourlyModel.h */; };
		2485573022A4B9980059F07D /* AirForecastModel.m in Sources */ = {isa = PBXBuildFile; fileRef = 248556F322A4B9980059F07D /* AirForecastModel.m */; };
		2485573122A4B9980059F07D /* AirForecastModel.h in Headers */ = {isa = PBXBuildFile; fileRef = 248556F422A4B9980059F07D /* AirForecastModel.h */; };
		2485573222A4B9980059F07D /* WeatherGridForecastModel.m in Sources */ = {isa = PBXBuildFile; fileRef = 248556F622A4B9980059F07D /* WeatherGridForecastModel.m */; };
		2485573322A4B9980059F07D /* WeatherGridForecastModel.h in Headers */ = {isa = PBXBuildFile; fileRef = 248556F722A4B9980059F07D /* WeatherGridForecastModel.h */; };
		2485573422A4B9980059F07D /* AlarmAllModel.h in Headers */ = {isa = PBXBuildFile; fileRef = 248556F922A4B9980059F07D /* AlarmAllModel.h */; };
		2485573522A4B9980059F07D /* AlarmAllModel.m in Sources */ = {isa = PBXBuildFile; fileRef = 248556FA22A4B9980059F07D /* AlarmAllModel.m */; };
		2485573622A4B9980059F07D /* WetherResponseModel.h in Headers */ = {isa = PBXBuildFile; fileRef = 248556FC22A4B9980059F07D /* WetherResponseModel.h */; };
		2485573722A4B9980059F07D /* SearchWetherResponseModel.h in Headers */ = {isa = PBXBuildFile; fileRef = 248556FD22A4B9980059F07D /* SearchWetherResponseModel.h */; };
		2485573822A4B9980059F07D /* WetherResponseModel.m in Sources */ = {isa = PBXBuildFile; fileRef = 248556FE22A4B9980059F07D /* WetherResponseModel.m */; };
		2485573922A4B9980059F07D /* SearchWetherResponseModel.m in Sources */ = {isa = PBXBuildFile; fileRef = 248556FF22A4B9980059F07D /* SearchWetherResponseModel.m */; };
		2485573A22A4B9980059F07D /* AirModel.m in Sources */ = {isa = PBXBuildFile; fileRef = 2485570122A4B9980059F07D /* AirModel.m */; };
		2485573B22A4B9980059F07D /* AirModel.h in Headers */ = {isa = PBXBuildFile; fileRef = 2485570222A4B9980059F07D /* AirModel.h */; };
		2485573C22A4B9980059F07D /* WeatherGridNowModel.h in Headers */ = {isa = PBXBuildFile; fileRef = 2485570422A4B9980059F07D /* WeatherGridNowModel.h */; };
		2485573D22A4B9980059F07D /* WeatherGridNowModel.m in Sources */ = {isa = PBXBuildFile; fileRef = 2485570522A4B9980059F07D /* WeatherGridNowModel.m */; };
		2485573E22A4B9980059F07D /* TopModel.h in Headers */ = {isa = PBXBuildFile; fileRef = 2485570822A4B9980059F07D /* TopModel.h */; };
		2485573F22A4B9980059F07D /* TopModel.m in Sources */ = {isa = PBXBuildFile; fileRef = 2485570922A4B9980059F07D /* TopModel.m */; };
		2485574022A4B9980059F07D /* WeatherModel.m in Sources */ = {isa = PBXBuildFile; fileRef = 2485570B22A4B9980059F07D /* WeatherModel.m */; };
		2485574122A4B9980059F07D /* WeatherModel.h in Headers */ = {isa = PBXBuildFile; fileRef = 2485570C22A4B9980059F07D /* WeatherModel.h */; };
		2485574222A4B9980059F07D /* WeatherLifestyleModel.m in Sources */ = {isa = PBXBuildFile; fileRef = 2485570E22A4B9980059F07D /* WeatherLifestyleModel.m */; };
		2485574322A4B9980059F07D /* WeatherLifestyleModel.h in Headers */ = {isa = PBXBuildFile; fileRef = 2485570F22A4B9980059F07D /* WeatherLifestyleModel.h */; };
		2485574422A4B9980059F07D /* AirHourlyModel.m in Sources */ = {isa = PBXBuildFile; fileRef = 2485571122A4B9980059F07D /* AirHourlyModel.m */; };
		2485574522A4B9980059F07D /* AirHourlyModel.h in Headers */ = {isa = PBXBuildFile; fileRef = 2485571222A4B9980059F07D /* AirHourlyModel.h */; };
		2485574622A4B9980059F07D /* SolarElevationAngleModel.m in Sources */ = {isa = PBXBuildFile; fileRef = 2485571422A4B9980059F07D /* SolarElevationAngleModel.m */; };
		2485574722A4B9980059F07D /* SolarElevationAngleModel.h in Headers */ = {isa = PBXBuildFile; fileRef = 2485571522A4B9980059F07D /* SolarElevationAngleModel.h */; };
		2485574822A4B9980059F07D /* WeatherForecastModel.m in Sources */ = {isa = PBXBuildFile; fileRef = 2485571722A4B9980059F07D /* WeatherForecastModel.m */; };
		2485574922A4B9980059F07D /* WeatherForecastModel.h in Headers */ = {isa = PBXBuildFile; fileRef = 2485571822A4B9980059F07D /* WeatherForecastModel.h */; };
		2485574A22A4B9980059F07D /* WeatherHourlyModel.m in Sources */ = {isa = PBXBuildFile; fileRef = 2485571A22A4B9980059F07D /* WeatherHourlyModel.m */; };
		2485574B22A4B9980059F07D /* WeatherHourlyModel.h in Headers */ = {isa = PBXBuildFile; fileRef = 2485571B22A4B9980059F07D /* WeatherHourlyModel.h */; };
		70E277864A9F5560A6EBE06F /* libPods-HeWeather.a in Frameworks */ = {isa = PBXBuildFile; fileRef = 9C9FF1B0CE9EBC24CCCBF829 /* libPods-HeWeather.a */; };
		8374325E20D9139D0016D88E /* DataBaseClasses.h in Headers */ = {isa = PBXBuildFile; fileRef = 8374325D20D912C20016D88E /* DataBaseClasses.h */; settings = {ATTRIBUTES = (Public, ); }; };
		83C86E6E20BBB51F003DAD9D /* HeWeather.framework in Frameworks */ = {isa = PBXBuildFile; fileRef = 83C86E6420BBB51F003DAD9D /* HeWeather.framework */; };
		83C86E7320BBB51F003DAD9D /* HeWeatherTests.m in Sources */ = {isa = PBXBuildFile; fileRef = 83C86E7220BBB51F003DAD9D /* HeWeatherTests.m */; };
		83C86E7520BBB51F003DAD9D /* HeWeather.h in Headers */ = {isa = PBXBuildFile; fileRef = 83C86E6720BBB51F003DAD9D /* HeWeather.h */; settings = {ATTRIBUTES = (Public, ); }; };
		83C86E8520BBB5B1003DAD9D /* AllWeatherInquieirs.m in Sources */ = {isa = PBXBuildFile; fileRef = 83C86E7E20BBB5B1003DAD9D /* AllWeatherInquieirs.m */; };
		83C86E8620BBB5B1003DAD9D /* AllWeatherInquieirs+Property.h in Headers */ = {isa = PBXBuildFile; fileRef = 83C86E7F20BBB5B1003DAD9D /* AllWeatherInquieirs+Property.h */; };
		83C86E8720BBB5B1003DAD9D /* AllWeatherInquieirs+Request.m in Sources */ = {isa = PBXBuildFile; fileRef = 83C86E8020BBB5B1003DAD9D /* AllWeatherInquieirs+Request.m */; };
		83C86E8820BBB5B1003DAD9D /* AllWeatherInquieirs+Tool.m in Sources */ = {isa = PBXBuildFile; fileRef = 83C86E8120BBB5B1003DAD9D /* AllWeatherInquieirs+Tool.m */; };
		83C86E8920BBB5B1003DAD9D /* AllWeatherInquieirs.h in Headers */ = {isa = PBXBuildFile; fileRef = 83C86E8220BBB5B1003DAD9D /* AllWeatherInquieirs.h */; settings = {ATTRIBUTES = (Public, ); }; };
		83C86E8A20BBB5B1003DAD9D /* AllWeatherInquieirs+Request.h in Headers */ = {isa = PBXBuildFile; fileRef = 83C86E8320BBB5B1003DAD9D /* AllWeatherInquieirs+Request.h */; };
		83C86E8B20BBB5B1003DAD9D /* AllWeatherInquieirs+Tool.h in Headers */ = {isa = PBXBuildFile; fileRef = 83C86E8420BBB5B1003DAD9D /* AllWeatherInquieirs+Tool.h */; };
/* End PBXBuildFile section */

/* Begin PBXContainerItemProxy section */
		83C86E6F20BBB51F003DAD9D /* PBXContainerItemProxy */ = {
			isa = PBXContainerItemProxy;
			containerPortal = 83C86E5B20BBB51F003DAD9D /* Project object */;
			proxyType = 1;
			remoteGlobalIDString = 83C86E6320BBB51F003DAD9D;
			remoteInfo = HeWeather;
		};
/* End PBXContainerItemProxy section */

/* Begin PBXFileReference section */
		248556D522A4B9980059F07D /* ScenicModel.h */ = {isa = PBXFileReference; fileEncoding = 4; lastKnownFileType = sourcecode.c.h; path = ScenicModel.h; sourceTree = "<group>"; };
		248556D622A4B9980059F07D /* ScenicModel.m */ = {isa = PBXFileReference; fileEncoding = 4; lastKnownFileType = sourcecode.c.objc; path = ScenicModel.m; sourceTree = "<group>"; };
		248556D822A4B9980059F07D /* AirNowModel.m */ = {isa = PBXFileReference; fileEncoding = 4; lastKnownFileType = sourcecode.c.objc; path = AirNowModel.m; sourceTree = "<group>"; };
		248556D922A4B9980059F07D /* AirNowModel.h */ = {isa = PBXFileReference; fileEncoding = 4; lastKnownFileType = sourcecode.c.h; path = AirNowModel.h; sourceTree = "<group>"; };
		248556DB22A4B9980059F07D /* SolarSunriseSunsetModel.h */ = {isa = PBXFileReference; fileEncoding = 4; lastKnownFileType = sourcecode.c.h; path = SolarSunriseSunsetModel.h; sourceTree = "<group>"; };
		248556DC22A4B9980059F07D /* SolarSunriseSunsetModel.m */ = {isa = PBXFileReference; fileEncoding = 4; lastKnownFileType = sourcecode.c.objc; path = SolarSunriseSunsetModel.m; sourceTree = "<group>"; };
		248556DE22A4B9980059F07D /* FindModel.h */ = {isa = PBXFileReference; fileEncoding = 4; lastKnownFileType = sourcecode.c.h; path = FindModel.h; sourceTree = "<group>"; };
		248556DF22A4B9980059F07D /* FindModel.m */ = {isa = PBXFileReference; fileEncoding = 4; lastKnownFileType = sourcecode.c.objc; path = FindModel.m; sourceTree = "<group>"; };
		248556E122A4B9980059F07D /* AlarmModel.h */ = {isa = PBXFileReference; fileEncoding = 4; lastKnownFileType = sourcecode.c.h; path = AlarmModel.h; sourceTree = "<group>"; };
		248556E222A4B9980059F07D /* AlarmModel.m */ = {isa = PBXFileReference; fileEncoding = 4; lastKnownFileType = sourcecode.c.objc; path = AlarmModel.m; sourceTree = "<group>"; };
		248556E422A4B9980059F07D /* WeatherHistoricalModel.h */ = {isa = PBXFileReference; fileEncoding = 4; lastKnownFileType = sourcecode.c.h; path = WeatherHistoricalModel.h; sourceTree = "<group>"; };
		248556E522A4B9980059F07D /* WeatherHistoricalModel.m */ = {isa = PBXFileReference; fileEncoding = 4; lastKnownFileType = sourcecode.c.objc; path = WeatherHistoricalModel.m; sourceTree = "<group>"; };
		248556E722A4B9980059F07D /* WeatherGridMinuteModel.h */ = {isa = PBXFileReference; fileEncoding = 4; lastKnownFileType = sourcecode.c.h; path = WeatherGridMinuteModel.h; sourceTree = "<group>"; };
		248556E822A4B9980059F07D /* WeatherGridMinuteModel.m */ = {isa = PBXFileReference; fileEncoding = 4; lastKnownFileType = sourcecode.c.objc; path = WeatherGridMinuteModel.m; sourceTree = "<group>"; };
		248556EA22A4B9980059F07D /* WeatherNowModel.h */ = {isa = PBXFileReference; fileEncoding = 4; lastKnownFileType = sourcecode.c.h; path = WeatherNowModel.h; sourceTree = "<group>"; };
		248556EB22A4B9980059F07D /* WeatherNowModel.m */ = {isa = PBXFileReference; fileEncoding = 4; lastKnownFileType = sourcecode.c.objc; path = WeatherNowModel.m; sourceTree = "<group>"; };
		248556ED22A4B9980059F07D /* SearchModel.h */ = {isa = PBXFileReference; fileEncoding = 4; lastKnownFileType = sourcecode.c.h; path = SearchModel.h; sourceTree = "<group>"; };
		248556EE22A4B9980059F07D /* SearchModel.m */ = {isa = PBXFileReference; fileEncoding = 4; lastKnownFileType = sourcecode.c.objc; path = SearchModel.m; sourceTree = "<group>"; };
		248556F022A4B9980059F07D /* WeatherGridHourlyModel.m */ = {isa = PBXFileReference; fileEncoding = 4; lastKnownFileType = sourcecode.c.objc; path = WeatherGridHourlyModel.m; sourceTree = "<group>"; };
		248556F122A4B9980059F07D /* WeatherGridHourlyModel.h */ = {isa = PBXFileReference; fileEncoding = 4; lastKnownFileType = sourcecode.c.h; path = WeatherGridHourlyModel.h; sourceTree = "<group>"; };
		248556F322A4B9980059F07D /* AirForecastModel.m */ = {isa = PBXFileReference; fileEncoding = 4; lastKnownFileType = sourcecode.c.objc; path = AirForecastModel.m; sourceTree = "<group>"; };
		248556F422A4B9980059F07D /* AirForecastModel.h */ = {isa = PBXFileReference; fileEncoding = 4; lastKnownFileType = sourcecode.c.h; path = AirForecastModel.h; sourceTree = "<group>"; };
		248556F622A4B9980059F07D /* WeatherGridForecastModel.m */ = {isa = PBXFileReference; fileEncoding = 4; lastKnownFileType = sourcecode.c.objc; path = WeatherGridForecastModel.m; sourceTree = "<group>"; };
		248556F722A4B9980059F07D /* WeatherGridForecastModel.h */ = {isa = PBXFileReference; fileEncoding = 4; lastKnownFileType = sourcecode.c.h; path = WeatherGridForecastModel.h; sourceTree = "<group>"; };
		248556F922A4B9980059F07D /* AlarmAllModel.h */ = {isa = PBXFileReference; fileEncoding = 4; lastKnownFileType = sourcecode.c.h; path = AlarmAllModel.h; sourceTree = "<group>"; };
		248556FA22A4B9980059F07D /* AlarmAllModel.m */ = {isa = PBXFileReference; fileEncoding = 4; lastKnownFileType = sourcecode.c.objc; path = AlarmAllModel.m; sourceTree = "<group>"; };
		248556FC22A4B9980059F07D /* WetherResponseModel.h */ = {isa = PBXFileReference; fileEncoding = 4; lastKnownFileType = sourcecode.c.h; path = WetherResponseModel.h; sourceTree = "<group>"; };
		248556FD22A4B9980059F07D /* SearchWetherResponseModel.h */ = {isa = PBXFileReference; fileEncoding = 4; lastKnownFileType = sourcecode.c.h; path = SearchWetherResponseModel.h; sourceTree = "<group>"; };
		248556FE22A4B9980059F07D /* WetherResponseModel.m */ = {isa = PBXFileReference; fileEncoding = 4; lastKnownFileType = sourcecode.c.objc; path = WetherResponseModel.m; sourceTree = "<group>"; };
		248556FF22A4B9980059F07D /* SearchWetherResponseModel.m */ = {isa = PBXFileReference; fileEncoding = 4; lastKnownFileType = sourcecode.c.objc; path = SearchWetherResponseModel.m; sourceTree = "<group>"; };
		2485570122A4B9980059F07D /* AirModel.m */ = {isa = PBXFileReference; fileEncoding = 4; lastKnownFileType = sourcecode.c.objc; path = AirModel.m; sourceTree = "<group>"; };
		2485570222A4B9980059F07D /* AirModel.h */ = {isa = PBXFileReference; fileEncoding = 4; lastKnownFileType = sourcecode.c.h; path = AirModel.h; sourceTree = "<group>"; };
		2485570422A4B9980059F07D /* WeatherGridNowModel.h */ = {isa = PBXFileReference; fileEncoding = 4; lastKnownFileType = sourcecode.c.h; path = WeatherGridNowModel.h; sourceTree = "<group>"; };
		2485570522A4B9980059F07D /* WeatherGridNowModel.m */ = {isa = PBXFileReference; fileEncoding = 4; lastKnownFileType = sourcecode.c.objc; path = WeatherGridNowModel.m; sourceTree = "<group>"; };
		2485570822A4B9980059F07D /* TopModel.h */ = {isa = PBXFileReference; fileEncoding = 4; lastKnownFileType = sourcecode.c.h; path = TopModel.h; sourceTree = "<group>"; };
		2485570922A4B9980059F07D /* TopModel.m */ = {isa = PBXFileReference; fileEncoding = 4; lastKnownFileType = sourcecode.c.objc; path = TopModel.m; sourceTree = "<group>"; };
		2485570B22A4B9980059F07D /* WeatherModel.m */ = {isa = PBXFileReference; fileEncoding = 4; lastKnownFileType = sourcecode.c.objc; path = WeatherModel.m; sourceTree = "<group>"; };
		2485570C22A4B9980059F07D /* WeatherModel.h */ = {isa = PBXFileReference; fileEncoding = 4; lastKnownFileType = sourcecode.c.h; path = WeatherModel.h; sourceTree = "<group>"; };
		2485570E22A4B9980059F07D /* WeatherLifestyleModel.m */ = {isa = PBXFileReference; fileEncoding = 4; lastKnownFileType = sourcecode.c.objc; path = WeatherLifestyleModel.m; sourceTree = "<group>"; };
		2485570F22A4B9980059F07D /* WeatherLifestyleModel.h */ = {isa = PBXFileReference; fileEncoding = 4; lastKnownFileType = sourcecode.c.h; path = WeatherLifestyleModel.h; sourceTree = "<group>"; };
		2485571122A4B9980059F07D /* AirHourlyModel.m */ = {isa = PBXFileReference; fileEncoding = 4; lastKnownFileType = sourcecode.c.objc; path = AirHourlyModel.m; sourceTree = "<group>"; };
		2485571222A4B9980059F07D /* AirHourlyModel.h */ = {isa = PBXFileReference; fileEncoding = 4; lastKnownFileType = sourcecode.c.h; path = AirHourlyModel.h; sourceTree = "<group>"; };
		2485571422A4B9980059F07D /* SolarElevationAngleModel.m */ = {isa = PBXFileReference; fileEncoding = 4; lastKnownFileType = sourcecode.c.objc; path = SolarElevationAngleModel.m; sourceTree = "<group>"; };
		2485571522A4B9980059F07D /* SolarElevationAngleModel.h */ = {isa = PBXFileReference; fileEncoding = 4; lastKnownFileType = sourcecode.c.h; path = SolarElevationAngleModel.h; sourceTree = "<group>"; };
		2485571722A4B9980059F07D /* WeatherForecastModel.m */ = {isa = PBXFileReference; fileEncoding = 4; lastKnownFileType = sourcecode.c.objc; path = WeatherForecastModel.m; sourceTree = "<group>"; };
		2485571822A4B9980059F07D /* WeatherForecastModel.h */ = {isa = PBXFileReference; fileEncoding = 4; lastKnownFileType = sourcecode.c.h; path = WeatherForecastModel.h; sourceTree = "<group>"; };
		2485571A22A4B9980059F07D /* WeatherHourlyModel.m */ = {isa = PBXFileReference; fileEncoding = 4; lastKnownFileType = sourcecode.c.objc; path = WeatherHourlyModel.m; sourceTree = "<group>"; };
		2485571B22A4B9980059F07D /* WeatherHourlyModel.h */ = {isa = PBXFileReference; fileEncoding = 4; lastKnownFileType = sourcecode.c.h; path = WeatherHourlyModel.h; sourceTree = "<group>"; };
		8374325D20D912C20016D88E /* DataBaseClasses.h */ = {isa = PBXFileReference; lastKnownFileType = sourcecode.c.h; path = DataBaseClasses.h; sourceTree = "<group>"; };
		83C86E6420BBB51F003DAD9D /* HeWeather.framework */ = {isa = PBXFileReference; explicitFileType = wrapper.framework; includeInIndex = 0; path = HeWeather.framework; sourceTree = BUILT_PRODUCTS_DIR; };
		83C86E6720BBB51F003DAD9D /* HeWeather.h */ = {isa = PBXFileReference; lastKnownFileType = sourcecode.c.h; path = HeWeather.h; sourceTree = "<group>"; };
		83C86E6820BBB51F003DAD9D /* Info.plist */ = {isa = PBXFileReference; lastKnownFileType = text.plist.xml; path = Info.plist; sourceTree = "<group>"; };
		83C86E6D20BBB51F003DAD9D /* HeWeatherTests.xctest */ = {isa = PBXFileReference; explicitFileType = wrapper.cfbundle; includeInIndex = 0; path = HeWeatherTests.xctest; sourceTree = BUILT_PRODUCTS_DIR; };
		83C86E7220BBB51F003DAD9D /* HeWeatherTests.m */ = {isa = PBXFileReference; lastKnownFileType = sourcecode.c.objc; path = HeWeatherTests.m; sourceTree = "<group>"; };
		83C86E7420BBB51F003DAD9D /* Info.plist */ = {isa = PBXFileReference; lastKnownFileType = text.plist.xml; path = Info.plist; sourceTree = "<group>"; };
		83C86E7E20BBB5B1003DAD9D /* AllWeatherInquieirs.m */ = {isa = PBXFileReference; fileEncoding = 4; lastKnownFileType = sourcecode.c.objc; path = AllWeatherInquieirs.m; sourceTree = "<group>"; };
		83C86E7F20BBB5B1003DAD9D /* AllWeatherInquieirs+Property.h */ = {isa = PBXFileReference; fileEncoding = 4; lastKnownFileType = sourcecode.c.h; path = "AllWeatherInquieirs+Property.h"; sourceTree = "<group>"; };
		83C86E8020BBB5B1003DAD9D /* AllWeatherInquieirs+Request.m */ = {isa = PBXFileReference; fileEncoding = 4; lastKnownFileType = sourcecode.c.objc; path = "AllWeatherInquieirs+Request.m"; sourceTree = "<group>"; };
		83C86E8120BBB5B1003DAD9D /* AllWeatherInquieirs+Tool.m */ = {isa = PBXFileReference; fileEncoding = 4; lastKnownFileType = sourcecode.c.objc; path = "AllWeatherInquieirs+Tool.m"; sourceTree = "<group>"; };
		83C86E8220BBB5B1003DAD9D /* AllWeatherInquieirs.h */ = {isa = PBXFileReference; fileEncoding = 4; lastKnownFileType = sourcecode.c.h; path = AllWeatherInquieirs.h; sourceTree = "<group>"; };
		83C86E8320BBB5B1003DAD9D /* AllWeatherInquieirs+Request.h */ = {isa = PBXFileReference; fileEncoding = 4; lastKnownFileType = sourcecode.c.h; path = "AllWeatherInquieirs+Request.h"; sourceTree = "<group>"; };
		83C86E8420BBB5B1003DAD9D /* AllWeatherInquieirs+Tool.h */ = {isa = PBXFileReference; fileEncoding = 4; lastKnownFileType = sourcecode.c.h; path = "AllWeatherInquieirs+Tool.h"; sourceTree = "<group>"; };
		9C9FF1B0CE9EBC24CCCBF829 /* libPods-HeWeather.a */ = {isa = PBXFileReference; explicitFileType = archive.ar; includeInIndex = 0; path = "libPods-HeWeather.a"; sourceTree = BUILT_PRODUCTS_DIR; };
		E26D4496A4475AB0D504C9AC /* Pods-HeWeather.debug.xcconfig */ = {isa = PBXFileReference; includeInIndex = 1; lastKnownFileType = text.xcconfig; name = "Pods-HeWeather.debug.xcconfig"; path = "Pods/Target Support Files/Pods-HeWeather/Pods-HeWeather.debug.xcconfig"; sourceTree = "<group>"; };
		F835A16DDBBA9C3A914991C8 /* Pods-HeWeather.release.xcconfig */ = {isa = PBXFileReference; includeInIndex = 1; lastKnownFileType = text.xcconfig; name = "Pods-HeWeather.release.xcconfig"; path = "Pods/Target Support Files/Pods-HeWeather/Pods-HeWeather.release.xcconfig"; sourceTree = "<group>"; };
/* End PBXFileReference section */

/* Begin PBXFrameworksBuildPhase section */
		83C86E6020BBB51F003DAD9D /* Frameworks */ = {
			isa = PBXFrameworksBuildPhase;
			buildActionMask = 2147483647;
			files = (
				70E277864A9F5560A6EBE06F /* libPods-HeWeather.a in Frameworks */,
			);
			runOnlyForDeploymentPostprocessing = 0;
		};
		83C86E6A20BBB51F003DAD9D /* Frameworks */ = {
			isa = PBXFrameworksBuildPhase;
			buildActionMask = 2147483647;
			files = (
				83C86E6E20BBB51F003DAD9D /* HeWeather.framework in Frameworks */,
			);
			runOnlyForDeploymentPostprocessing = 0;
		};
/* End PBXFrameworksBuildPhase section */

/* Begin PBXGroup section */
		248556D322A4B9980059F07D /* Models */ = {
			isa = PBXGroup;
			children = (
				248556D422A4B9980059F07D /* ScenicModel */,
				248556D722A4B9980059F07D /* AirNowModel */,
				248556DA22A4B9980059F07D /* SolarSunriseSunsetModel */,
				248556DD22A4B9980059F07D /* FindModel */,
				248556E022A4B9980059F07D /* AlarmModel */,
				248556E322A4B9980059F07D /* WeatherHistoricalModel */,
				248556E622A4B9980059F07D /* WeatherGridMinuteModel */,
				248556E922A4B9980059F07D /* WeatherNowModel */,
				248556EC22A4B9980059F07D /* SearchModel */,
				248556EF22A4B9980059F07D /* WeatherGridHourlyModel */,
				248556F222A4B9980059F07D /* AirForecastModel */,
				248556F522A4B9980059F07D /* WeatherGridForecastModel */,
				248556F822A4B9980059F07D /* AlarmAllModel */,
				248556FB22A4B9980059F07D /* Model */,
				2485570022A4B9980059F07D /* AirModel */,
				2485570322A4B9980059F07D /* WeatherGridNowModel */,
				2485570622A4B9980059F07D /* TopModel */,
				2485570A22A4B9980059F07D /* WeatherModel */,
				2485570D22A4B9980059F07D /* WeatherLifestyleModel */,
				2485571022A4B9980059F07D /* AirHourlyModel */,
				2485571322A4B9980059F07D /* SolarElevationAngleModel */,
				2485571622A4B9980059F07D /* WeatherForecastModel */,
				2485571922A4B9980059F07D /* WeatherHourlyModel */,
			);
			path = Models;
			sourceTree = "<group>";
		};
		248556D422A4B9980059F07D /* ScenicModel */ = {
			isa = PBXGroup;
			children = (
				248556D522A4B9980059F07D /* ScenicModel.h */,
				248556D622A4B9980059F07D /* ScenicModel.m */,
			);
			path = ScenicModel;
			sourceTree = "<group>";
		};
		248556D722A4B9980059F07D /* AirNowModel */ = {
			isa = PBXGroup;
			children = (
				248556D822A4B9980059F07D /* AirNowModel.m */,
				248556D922A4B9980059F07D /* AirNowModel.h */,
			);
			path = AirNowModel;
			sourceTree = "<group>";
		};
		248556DA22A4B9980059F07D /* SolarSunriseSunsetModel */ = {
			isa = PBXGroup;
			children = (
				248556DB22A4B9980059F07D /* SolarSunriseSunsetModel.h */,
				248556DC22A4B9980059F07D /* SolarSunriseSunsetModel.m */,
			);
			path = SolarSunriseSunsetModel;
			sourceTree = "<group>";
		};
		248556DD22A4B9980059F07D /* FindModel */ = {
			isa = PBXGroup;
			children = (
				248556DE22A4B9980059F07D /* FindModel.h */,
				248556DF22A4B9980059F07D /* FindModel.m */,
			);
			path = FindModel;
			sourceTree = "<group>";
		};
		248556E022A4B9980059F07D /* AlarmModel */ = {
			isa = PBXGroup;
			children = (
				248556E122A4B9980059F07D /* AlarmModel.h */,
				248556E222A4B9980059F07D /* AlarmModel.m */,
			);
			path = AlarmModel;
			sourceTree = "<group>";
		};
		248556E322A4B9980059F07D /* WeatherHistoricalModel */ = {
			isa = PBXGroup;
			children = (
				248556E422A4B9980059F07D /* WeatherHistoricalModel.h */,
				248556E522A4B9980059F07D /* WeatherHistoricalModel.m */,
			);
			path = WeatherHistoricalModel;
			sourceTree = "<group>";
		};
		248556E622A4B9980059F07D /* WeatherGridMinuteModel */ = {
			isa = PBXGroup;
			children = (
				248556E722A4B9980059F07D /* WeatherGridMinuteModel.h */,
				248556E822A4B9980059F07D /* WeatherGridMinuteModel.m */,
			);
			path = WeatherGridMinuteModel;
			sourceTree = "<group>";
		};
		248556E922A4B9980059F07D /* WeatherNowModel */ = {
			isa = PBXGroup;
			children = (
				248556EA22A4B9980059F07D /* WeatherNowModel.h */,
				248556EB22A4B9980059F07D /* WeatherNowModel.m */,
			);
			path = WeatherNowModel;
			sourceTree = "<group>";
		};
		248556EC22A4B9980059F07D /* SearchModel */ = {
			isa = PBXGroup;
			children = (
				248556ED22A4B9980059F07D /* SearchModel.h */,
				248556EE22A4B9980059F07D /* SearchModel.m */,
			);
			path = SearchModel;
			sourceTree = "<group>";
		};
		248556EF22A4B9980059F07D /* WeatherGridHourlyModel */ = {
			isa = PBXGroup;
			children = (
				248556F022A4B9980059F07D /* WeatherGridHourlyModel.m */,
				248556F122A4B9980059F07D /* WeatherGridHourlyModel.h */,
			);
			path = WeatherGridHourlyModel;
			sourceTree = "<group>";
		};
		248556F222A4B9980059F07D /* AirForecastModel */ = {
			isa = PBXGroup;
			children = (
				248556F322A4B9980059F07D /* AirForecastModel.m */,
				248556F422A4B9980059F07D /* AirForecastModel.h */,
			);
			path = AirForecastModel;
			sourceTree = "<group>";
		};
		248556F522A4B9980059F07D /* WeatherGridForecastModel */ = {
			isa = PBXGroup;
			children = (
				248556F622A4B9980059F07D /* WeatherGridForecastModel.m */,
				248556F722A4B9980059F07D /* WeatherGridForecastModel.h */,
			);
			path = WeatherGridForecastModel;
			sourceTree = "<group>";
		};
		248556F822A4B9980059F07D /* AlarmAllModel */ = {
			isa = PBXGroup;
			children = (
				248556F922A4B9980059F07D /* AlarmAllModel.h */,
				248556FA22A4B9980059F07D /* AlarmAllModel.m */,
			);
			path = AlarmAllModel;
			sourceTree = "<group>";
		};
		248556FB22A4B9980059F07D /* Model */ = {
			isa = PBXGroup;
			children = (
				248556FC22A4B9980059F07D /* WetherResponseModel.h */,
				248556FD22A4B9980059F07D /* SearchWetherResponseModel.h */,
				248556FE22A4B9980059F07D /* WetherResponseModel.m */,
				248556FF22A4B9980059F07D /* SearchWetherResponseModel.m */,
			);
			path = Model;
			sourceTree = "<group>";
		};
		2485570022A4B9980059F07D /* AirModel */ = {
			isa = PBXGroup;
			children = (
				2485570122A4B9980059F07D /* AirModel.m */,
				2485570222A4B9980059F07D /* AirModel.h */,
			);
			path = AirModel;
			sourceTree = "<group>";
		};
		2485570322A4B9980059F07D /* WeatherGridNowModel */ = {
			isa = PBXGroup;
			children = (
				2485570422A4B9980059F07D /* WeatherGridNowModel.h */,
				2485570522A4B9980059F07D /* WeatherGridNowModel.m */,
			);
			path = WeatherGridNowModel;
			sourceTree = "<group>";
		};
		2485570622A4B9980059F07D /* TopModel */ = {
			isa = PBXGroup;
			children = (
				2485570722A4B9980059F07D /* TopModel */,
			);
			path = TopModel;
			sourceTree = "<group>";
		};
		2485570722A4B9980059F07D /* TopModel */ = {
			isa = PBXGroup;
			children = (
				2485570822A4B9980059F07D /* TopModel.h */,
				2485570922A4B9980059F07D /* TopModel.m */,
			);
			path = TopModel;
			sourceTree = "<group>";
		};
		2485570A22A4B9980059F07D /* WeatherModel */ = {
			isa = PBXGroup;
			children = (
				2485570B22A4B9980059F07D /* WeatherModel.m */,
				2485570C22A4B9980059F07D /* WeatherModel.h */,
			);
			path = WeatherModel;
			sourceTree = "<group>";
		};
		2485570D22A4B9980059F07D /* WeatherLifestyleModel */ = {
			isa = PBXGroup;
			children = (
				2485570E22A4B9980059F07D /* WeatherLifestyleModel.m */,
				2485570F22A4B9980059F07D /* WeatherLifestyleModel.h */,
			);
			path = WeatherLifestyleModel;
			sourceTree = "<group>";
		};
		2485571022A4B9980059F07D /* AirHourlyModel */ = {
			isa = PBXGroup;
			children = (
				2485571122A4B9980059F07D /* AirHourlyModel.m */,
				2485571222A4B9980059F07D /* AirHourlyModel.h */,
			);
			path = AirHourlyModel;
			sourceTree = "<group>";
		};
		2485571322A4B9980059F07D /* SolarElevationAngleModel */ = {
			isa = PBXGroup;
			children = (
				2485571422A4B9980059F07D /* SolarElevationAngleModel.m */,
				2485571522A4B9980059F07D /* SolarElevationAngleModel.h */,
			);
			path = SolarElevationAngleModel;
			sourceTree = "<group>";
		};
		2485571622A4B9980059F07D /* WeatherForecastModel */ = {
			isa = PBXGroup;
			children = (
				2485571722A4B9980059F07D /* WeatherForecastModel.m */,
				2485571822A4B9980059F07D /* WeatherForecastModel.h */,
			);
			path = WeatherForecastModel;
			sourceTree = "<group>";
		};
		2485571922A4B9980059F07D /* WeatherHourlyModel */ = {
			isa = PBXGroup;
			children = (
				2485571A22A4B9980059F07D /* WeatherHourlyModel.m */,
				2485571B22A4B9980059F07D /* WeatherHourlyModel.h */,
			);
			path = WeatherHourlyModel;
			sourceTree = "<group>";
		};
		63861A00EAB57BED5AF67359 /* Pods */ = {
			isa = PBXGroup;
			children = (
				E26D4496A4475AB0D504C9AC /* Pods-HeWeather.debug.xcconfig */,
				F835A16DDBBA9C3A914991C8 /* Pods-HeWeather.release.xcconfig */,
			);
			name = Pods;
			sourceTree = "<group>";
		};
		71D8CB57EFCF645ED267D7F1 /* Frameworks */ = {
			isa = PBXGroup;
			children = (
				9C9FF1B0CE9EBC24CCCBF829 /* libPods-HeWeather.a */,
			);
			name = Frameworks;
			sourceTree = "<group>";
		};
		83C86E5A20BBB51F003DAD9D = {
			isa = PBXGroup;
			children = (
				83C86E6620BBB51F003DAD9D /* HeWeather */,
				83C86E7120BBB51F003DAD9D /* HeWeatherTests */,
				83C86E6520BBB51F003DAD9D /* Products */,
				63861A00EAB57BED5AF67359 /* Pods */,
				71D8CB57EFCF645ED267D7F1 /* Frameworks */,
			);
			sourceTree = "<group>";
		};
		83C86E6520BBB51F003DAD9D /* Products */ = {
			isa = PBXGroup;
			children = (
				83C86E6420BBB51F003DAD9D /* HeWeather.framework */,
				83C86E6D20BBB51F003DAD9D /* HeWeatherTests.xctest */,
			);
			name = Products;
			sourceTree = "<group>";
		};
		83C86E6620BBB51F003DAD9D /* HeWeather */ = {
			isa = PBXGroup;
			children = (
				83C86E6720BBB51F003DAD9D /* HeWeather.h */,
				8374325D20D912C20016D88E /* DataBaseClasses.h */,
				83C86E8220BBB5B1003DAD9D /* AllWeatherInquieirs.h */,
				83C86E7E20BBB5B1003DAD9D /* AllWeatherInquieirs.m */,
				83C86E7F20BBB5B1003DAD9D /* AllWeatherInquieirs+Property.h */,
				83C86E8320BBB5B1003DAD9D /* AllWeatherInquieirs+Request.h */,
				83C86E8020BBB5B1003DAD9D /* AllWeatherInquieirs+Request.m */,
				83C86E8420BBB5B1003DAD9D /* AllWeatherInquieirs+Tool.h */,
				83C86E8120BBB5B1003DAD9D /* AllWeatherInquieirs+Tool.m */,
				83C86E6820BBB51F003DAD9D /* Info.plist */,
				248556D322A4B9980059F07D /* Models */,
			);
			path = HeWeather;
			sourceTree = "<group>";
		};
		83C86E7120BBB51F003DAD9D /* HeWeatherTests */ = {
			isa = PBXGroup;
			children = (
				83C86E7220BBB51F003DAD9D /* HeWeatherTests.m */,
				83C86E7420BBB51F003DAD9D /* Info.plist */,
			);
			path = HeWeatherTests;
			sourceTree = "<group>";
		};
/* End PBXGroup section */

/* Begin PBXHeadersBuildPhase section */
		83C86E6120BBB51F003DAD9D /* Headers */ = {
			isa = PBXHeadersBuildPhase;
			buildActionMask = 2147483647;
			files = (
				2485572A22A4B9980059F07D /* WeatherNowModel.h in Headers */,
				2485574122A4B9980059F07D /* WeatherModel.h in Headers */,
				2485573C22A4B9980059F07D /* WeatherGridNowModel.h in Headers */,
				2485573422A4B9980059F07D /* AlarmAllModel.h in Headers */,
				2485574B22A4B9980059F07D /* WeatherHourlyModel.h in Headers */,
				2485573122A4B9980059F07D /* AirForecastModel.h in Headers */,
				83C86E8920BBB5B1003DAD9D /* AllWeatherInquieirs.h in Headers */,
				2485572622A4B9980059F07D /* WeatherHistoricalModel.h in Headers */,
				2485572222A4B9980059F07D /* FindModel.h in Headers */,
				2485572422A4B9980059F07D /* AlarmModel.h in Headers */,
				2485574322A4B9980059F07D /* WeatherLifestyleModel.h in Headers */,
				8374325E20D9139D0016D88E /* DataBaseClasses.h in Headers */,
				2485574522A4B9980059F07D /* AirHourlyModel.h in Headers */,
				83C86E8620BBB5B1003DAD9D /* AllWeatherInquieirs+Property.h in Headers */,
				2485573722A4B9980059F07D /* SearchWetherResponseModel.h in Headers */,
				83C86E8A20BBB5B1003DAD9D /* AllWeatherInquieirs+Request.h in Headers */,
				2485573E22A4B9980059F07D /* TopModel.h in Headers */,
				2485574922A4B9980059F07D /* WeatherForecastModel.h in Headers */,
				2485573B22A4B9980059F07D /* AirModel.h in Headers */,
				2485572F22A4B9980059F07D /* WeatherGridHourlyModel.h in Headers */,
				2485572C22A4B9980059F07D /* SearchModel.h in Headers */,
				2485571F22A4B9980059F07D /* AirNowModel.h in Headers */,
				2485572822A4B9980059F07D /* WeatherGridMinuteModel.h in Headers */,
				2485572022A4B9980059F07D /* SolarSunriseSunsetModel.h in Headers */,
				2485573322A4B9980059F07D /* WeatherGridForecastModel.h in Headers */,
				83C86E7520BBB51F003DAD9D /* HeWeather.h in Headers */,
				2485574722A4B9980059F07D /* SolarElevationAngleModel.h in Headers */,
				2485571C22A4B9980059F07D /* ScenicModel.h in Headers */,
				2485573622A4B9980059F07D /* WetherResponseModel.h in Headers */,
				83C86E8B20BBB5B1003DAD9D /* AllWeatherInquieirs+Tool.h in Headers */,
			);
			runOnlyForDeploymentPostprocessing = 0;
		};
/* End PBXHeadersBuildPhase section */

/* Begin PBXNativeTarget section */
		83C86E6320BBB51F003DAD9D /* HeWeather */ = {
			isa = PBXNativeTarget;
			buildConfigurationList = 83C86E7820BBB51F003DAD9D /* Build configuration list for PBXNativeTarget "HeWeather" */;
			buildPhases = (
				38DDF8270C757474BC9C9311 /* [CP] Check Pods Manifest.lock */,
				83C86E5F20BBB51F003DAD9D /* Sources */,
				83C86E6020BBB51F003DAD9D /* Frameworks */,
				83C86E6120BBB51F003DAD9D /* Headers */,
				83C86E6220BBB51F003DAD9D /* Resources */,
			);
			buildRules = (
			);
			dependencies = (
			);
			name = HeWeather;
			productName = HeWeather;
			productReference = 83C86E6420BBB51F003DAD9D /* HeWeather.framework */;
			productType = "com.apple.product-type.framework";
		};
		83C86E6C20BBB51F003DAD9D /* HeWeatherTests */ = {
			isa = PBXNativeTarget;
			buildConfigurationList = 83C86E7B20BBB51F003DAD9D /* Build configuration list for PBXNativeTarget "HeWeatherTests" */;
			buildPhases = (
				83C86E6920BBB51F003DAD9D /* Sources */,
				83C86E6A20BBB51F003DAD9D /* Frameworks */,
				83C86E6B20BBB51F003DAD9D /* Resources */,
			);
			buildRules = (
			);
			dependencies = (
				83C86E7020BBB51F003DAD9D /* PBXTargetDependency */,
			);
			name = HeWeatherTests;
			productName = HeWeatherTests;
			productReference = 83C86E6D20BBB51F003DAD9D /* HeWeatherTests.xctest */;
			productType = "com.apple.product-type.bundle.unit-test";
		};
/* End PBXNativeTarget section */

/* Begin PBXProject section */
		83C86E5B20BBB51F003DAD9D /* Project object */ = {
			isa = PBXProject;
			attributes = {
				LastUpgradeCheck = 0930;
				ORGANIZATIONNAME = Song;
				TargetAttributes = {
					83C86E6320BBB51F003DAD9D = {
						CreatedOnToolsVersion = 9.3.1;
					};
					83C86E6C20BBB51F003DAD9D = {
						CreatedOnToolsVersion = 9.3.1;
					};
				};
			};
			buildConfigurationList = 83C86E5E20BBB51F003DAD9D /* Build configuration list for PBXProject "HeWeather" */;
			compatibilityVersion = "Xcode 9.3";
			developmentRegion = en;
			hasScannedForEncodings = 0;
			knownRegions = (
				en,
				Base,
			);
			mainGroup = 83C86E5A20BBB51F003DAD9D;
			productRefGroup = 83C86E6520BBB51F003DAD9D /* Products */;
			projectDirPath = "";
			projectRoot = "";
			targets = (
				83C86E6320BBB51F003DAD9D /* HeWeather */,
				83C86E6C20BBB51F003DAD9D /* HeWeatherTests */,
			);
		};
/* End PBXProject section */

/* Begin PBXResourcesBuildPhase section */
		83C86E6220BBB51F003DAD9D /* Resources */ = {
			isa = PBXResourcesBuildPhase;
			buildActionMask = 2147483647;
			files = (
			);
			runOnlyForDeploymentPostprocessing = 0;
		};
		83C86E6B20BBB51F003DAD9D /* Resources */ = {
			isa = PBXResourcesBuildPhase;
			buildActionMask = 2147483647;
			files = (
			);
			runOnlyForDeploymentPostprocessing = 0;
		};
/* End PBXResourcesBuildPhase section */

/* Begin PBXShellScriptBuildPhase section */
		38DDF8270C757474BC9C9311 /* [CP] Check Pods Manifest.lock */ = {
			isa = PBXShellScriptBuildPhase;
			buildActionMask = 2147483647;
			files = (
			);
			inputPaths = (
				"${PODS_PODFILE_DIR_PATH}/Podfile.lock",
				"${PODS_ROOT}/Manifest.lock",
			);
			name = "[CP] Check Pods Manifest.lock";
			outputPaths = (
				"$(DERIVED_FILE_DIR)/Pods-HeWeather-checkManifestLockResult.txt",
			);
			runOnlyForDeploymentPostprocessing = 0;
			shellPath = /bin/sh;
			shellScript = "diff \"${PODS_PODFILE_DIR_PATH}/Podfile.lock\" \"${PODS_ROOT}/Manifest.lock\" > /dev/null\nif [ $? != 0 ] ; then\n    # print error to STDERR\n    echo \"error: The sandbox is not in sync with the Podfile.lock. Run 'pod install' or update your CocoaPods installation.\" >&2\n    exit 1\nfi\n# This output is used by Xcode 'outputs' to avoid re-running this script phase.\necho \"SUCCESS\" > \"${SCRIPT_OUTPUT_FILE_0}\"\n";
			showEnvVarsInLog = 0;
		};
/* End PBXShellScriptBuildPhase section */

/* Begin PBXSourcesBuildPhase section */
		83C86E5F20BBB51F003DAD9D /* Sources */ = {
			isa = PBXSourcesBuildPhase;
			buildActionMask = 2147483647;
			files = (
				2485572322A4B9980059F07D /* FindModel.m in Sources */,
				2485573F22A4B9980059F07D /* TopModel.m in Sources */,
				2485573522A4B9980059F07D /* AlarmAllModel.m in Sources */,
				2485574422A4B9980059F07D /* AirHourlyModel.m in Sources */,
				83C86E8820BBB5B1003DAD9D /* AllWeatherInquieirs+Tool.m in Sources */,
				2485574A22A4B9980059F07D /* WeatherHourlyModel.m in Sources */,
				2485572722A4B9980059F07D /* WeatherHistoricalModel.m in Sources */,
				2485572B22A4B9980059F07D /* WeatherNowModel.m in Sources */,
				2485572E22A4B9980059F07D /* WeatherGridHourlyModel.m in Sources */,
				2485574622A4B9980059F07D /* SolarElevationAngleModel.m in Sources */,
				83C86E8720BBB5B1003DAD9D /* AllWeatherInquieirs+Request.m in Sources */,
				2485574022A4B9980059F07D /* WeatherModel.m in Sources */,
				2485572922A4B9980059F07D /* WeatherGridMinuteModel.m in Sources */,
				2485574222A4B9980059F07D /* WeatherLifestyleModel.m in Sources */,
				2485574822A4B9980059F07D /* WeatherForecastModel.m in Sources */,
				2485571D22A4B9980059F07D /* ScenicModel.m in Sources */,
				83C86E8520BBB5B1003DAD9D /* AllWeatherInquieirs.m in Sources */,
				2485573A22A4B9980059F07D /* AirModel.m in Sources */,
				2485573D22A4B9980059F07D /* WeatherGridNowModel.m in Sources */,
				2485573222A4B9980059F07D /* WeatherGridForecastModel.m in Sources */,
				2485573022A4B9980059F07D /* AirForecastModel.m in Sources */,
				2485573822A4B9980059F07D /* WetherResponseModel.m in Sources */,
				2485572522A4B9980059F07D /* AlarmModel.m in Sources */,
				2485571E22A4B9980059F07D /* AirNowModel.m in Sources */,
				2485573922A4B9980059F07D /* SearchWetherResponseModel.m in Sources */,
				2485572122A4B9980059F07D /* SolarSunriseSunsetModel.m in Sources */,
				2485572D22A4B9980059F07D /* SearchModel.m in Sources */,
			);
			runOnlyForDeploymentPostprocessing = 0;
		};
		83C86E6920BBB51F003DAD9D /* Sources */ = {
			isa = PBXSourcesBuildPhase;
			buildActionMask = 2147483647;
			files = (
				83C86E7320BBB51F003DAD9D /* HeWeatherTests.m in Sources */,
			);
			runOnlyForDeploymentPostprocessing = 0;
		};
/* End PBXSourcesBuildPhase section */

/* Begin PBXTargetDependency section */
		83C86E7020BBB51F003DAD9D /* PBXTargetDependency */ = {
			isa = PBXTargetDependency;
			target = 83C86E6320BBB51F003DAD9D /* HeWeather */;
			targetProxy = 83C86E6F20BBB51F003DAD9D /* PBXContainerItemProxy */;
		};
/* End PBXTargetDependency section */

/* Begin XCBuildConfiguration section */
		83C86E7620BBB51F003DAD9D /* Debug */ = {
			isa = XCBuildConfiguration;
			buildSettings = {
				ALWAYS_SEARCH_USER_PATHS = NO;
				CLANG_ANALYZER_NONNULL = YES;
				CLANG_ANALYZER_NUMBER_OBJECT_CONVERSION = YES_AGGRESSIVE;
				CLANG_CXX_LANGUAGE_STANDARD = "gnu++14";
				CLANG_CXX_LIBRARY = "libc++";
				CLANG_ENABLE_MODULES = YES;
				CLANG_ENABLE_OBJC_ARC = YES;
				CLANG_ENABLE_OBJC_WEAK = YES;
				CLANG_WARN_BLOCK_CAPTURE_AUTORELEASING = YES;
				CLANG_WARN_BOOL_CONVERSION = YES;
				CLANG_WARN_COMMA = YES;
				CLANG_WARN_CONSTANT_CONVERSION = YES;
				CLANG_WARN_DEPRECATED_OBJC_IMPLEMENTATIONS = YES;
				CLANG_WARN_DIRECT_OBJC_ISA_USAGE = YES_ERROR;
				CLANG_WARN_DOCUMENTATION_COMMENTS = YES;
				CLANG_WARN_EMPTY_BODY = YES;
				CLANG_WARN_ENUM_CONVERSION = YES;
				CLANG_WARN_INFINITE_RECURSION = YES;
				CLANG_WARN_INT_CONVERSION = YES;
				CLANG_WARN_NON_LITERAL_NULL_CONVERSION = YES;
				CLANG_WARN_OBJC_IMPLICIT_RETAIN_SELF = YES;
				CLANG_WARN_OBJC_LITERAL_CONVERSION = YES;
				CLANG_WARN_OBJC_ROOT_CLASS = YES_ERROR;
				CLANG_WARN_RANGE_LOOP_ANALYSIS = YES;
				CLANG_WARN_STRICT_PROTOTYPES = YES;
				CLANG_WARN_SUSPICIOUS_MOVE = YES;
				CLANG_WARN_UNGUARDED_AVAILABILITY = YES_AGGRESSIVE;
				CLANG_WARN_UNREACHABLE_CODE = YES;
				CLANG_WARN__DUPLICATE_METHOD_MATCH = YES;
				CODE_SIGN_IDENTITY = "iPhone Developer";
				COPY_PHASE_STRIP = NO;
				CURRENT_PROJECT_VERSION = 1;
				DEBUG_INFORMATION_FORMAT = dwarf;
				ENABLE_STRICT_OBJC_MSGSEND = YES;
				ENABLE_TESTABILITY = YES;
				GCC_C_LANGUAGE_STANDARD = gnu11;
				GCC_DYNAMIC_NO_PIC = NO;
				GCC_GENERATE_DEBUGGING_SYMBOLS = NO;
				GCC_NO_COMMON_BLOCKS = YES;
				GCC_OPTIMIZATION_LEVEL = 0;
				GCC_PREPROCESSOR_DEFINITIONS = (
					"DEBUG=1",
					"$(inherited)",
				);
				GCC_WARN_64_TO_32_BIT_CONVERSION = YES;
				GCC_WARN_ABOUT_RETURN_TYPE = YES_ERROR;
				GCC_WARN_UNDECLARED_SELECTOR = YES;
				GCC_WARN_UNINITIALIZED_AUTOS = YES_AGGRESSIVE;
				GCC_WARN_UNUSED_FUNCTION = YES;
				GCC_WARN_UNUSED_VARIABLE = YES;
				IPHONEOS_DEPLOYMENT_TARGET = 8.0;
				MTL_ENABLE_DEBUG_INFO = YES;
				ONLY_ACTIVE_ARCH = YES;
				SDKROOT = iphoneos;
				VERSIONING_SYSTEM = "apple-generic";
				VERSION_INFO_PREFIX = "";
			};
			name = Debug;
		};
		83C86E7720BBB51F003DAD9D /* Release */ = {
			isa = XCBuildConfiguration;
			buildSettings = {
				ALWAYS_SEARCH_USER_PATHS = NO;
				CLANG_ANALYZER_NONNULL = YES;
				CLANG_ANALYZER_NUMBER_OBJECT_CONVERSION = YES_AGGRESSIVE;
				CLANG_CXX_LANGUAGE_STANDARD = "gnu++14";
				CLANG_CXX_LIBRARY = "libc++";
				CLANG_ENABLE_MODULES = YES;
				CLANG_ENABLE_OBJC_ARC = YES;
				CLANG_ENABLE_OBJC_WEAK = YES;
				CLANG_WARN_BLOCK_CAPTURE_AUTORELEASING = YES;
				CLANG_WARN_BOOL_CONVERSION = YES;
				CLANG_WARN_COMMA = YES;
				CLANG_WARN_CONSTANT_CONVERSION = YES;
				CLANG_WARN_DEPRECATED_OBJC_IMPLEMENTATIONS = YES;
				CLANG_WARN_DIRECT_OBJC_ISA_USAGE = YES_ERROR;
				CLANG_WARN_DOCUMENTATION_COMMENTS = YES;
				CLANG_WARN_EMPTY_BODY = YES;
				CLANG_WARN_ENUM_CONVERSION = YES;
				CLANG_WARN_INFINITE_RECURSION = YES;
				CLANG_WARN_INT_CONVERSION = YES;
				CLANG_WARN_NON_LITERAL_NULL_CONVERSION = YES;
				CLANG_WARN_OBJC_IMPLICIT_RETAIN_SELF = YES;
				CLANG_WARN_OBJC_LITERAL_CONVERSION = YES;
				CLANG_WARN_OBJC_ROOT_CLASS = YES_ERROR;
				CLANG_WARN_RANGE_LOOP_ANALYSIS = YES;
				CLANG_WARN_STRICT_PROTOTYPES = YES;
				CLANG_WARN_SUSPICIOUS_MOVE = YES;
				CLANG_WARN_UNGUARDED_AVAILABILITY = YES_AGGRESSIVE;
				CLANG_WARN_UNREACHABLE_CODE = YES;
				CLANG_WARN__DUPLICATE_METHOD_MATCH = YES;
				CODE_SIGN_IDENTITY = "iPhone Developer";
				COPY_PHASE_STRIP = NO;
				CURRENT_PROJECT_VERSION = 1;
				DEBUG_INFORMATION_FORMAT = "dwarf-with-dsym";
				ENABLE_NS_ASSERTIONS = NO;
				ENABLE_STRICT_OBJC_MSGSEND = YES;
				GCC_C_LANGUAGE_STANDARD = gnu11;
				GCC_GENERATE_DEBUGGING_SYMBOLS = NO;
				GCC_NO_COMMON_BLOCKS = YES;
				GCC_WARN_64_TO_32_BIT_CONVERSION = YES;
				GCC_WARN_ABOUT_RETURN_TYPE = YES_ERROR;
				GCC_WARN_UNDECLARED_SELECTOR = YES;
				GCC_WARN_UNINITIALIZED_AUTOS = YES_AGGRESSIVE;
				GCC_WARN_UNUSED_FUNCTION = YES;
				GCC_WARN_UNUSED_VARIABLE = YES;
				IPHONEOS_DEPLOYMENT_TARGET = 8.0;
				MTL_ENABLE_DEBUG_INFO = NO;
				SDKROOT = iphoneos;
				VALIDATE_PRODUCT = YES;
				VERSIONING_SYSTEM = "apple-generic";
				VERSION_INFO_PREFIX = "";
			};
			name = Release;
		};
		83C86E7920BBB51F003DAD9D /* Debug */ = {
			isa = XCBuildConfiguration;
			baseConfigurationReference = E26D4496A4475AB0D504C9AC /* Pods-HeWeather.debug.xcconfig */;
			buildSettings = {
				ARCHS = "$(ARCHS_STANDARD)";
				CODE_SIGN_IDENTITY = "";
				CODE_SIGN_STYLE = Automatic;
				DEFINES_MODULE = YES;
				DEVELOPMENT_TEAM = 95J6EU4744;
				DYLIB_COMPATIBILITY_VERSION = 1;
				DYLIB_CURRENT_VERSION = 1;
				DYLIB_INSTALL_NAME_BASE = "@rpath";
				GCC_GENERATE_DEBUGGING_SYMBOLS = NO;
				INFOPLIST_FILE = HeWeather/Info.plist;
				INSTALL_PATH = "$(LOCAL_LIBRARY_DIR)/Frameworks";
				IPHONEOS_DEPLOYMENT_TARGET = 8.0;
				LD_RUNPATH_SEARCH_PATHS = (
					"$(inherited)",
					"@executable_path/Frameworks",
					"@loader_path/Frameworks",
				);
				OTHER_LDFLAGS = (
					"$(inherited)",
					"-ObjC",
					"-l\"AFNetworking\"",
					"-framework",
					"\"CoreGraphics\"",
					"-framework",
					"\"MobileCoreServices\"",
					"-framework",
					"\"Security\"",
					"-framework",
					"\"SystemConfiguration\"",
					"-all_load",
				);
				PRODUCT_BUNDLE_IDENTIFIER = ZhaoYang.HeWeather;
				PRODUCT_NAME = "$(TARGET_NAME:c99extidentifier)";
				SKIP_INSTALL = YES;
				TARGETED_DEVICE_FAMILY = "1,2";
			};
			name = Debug;
		};
		83C86E7A20BBB51F003DAD9D /* Release */ = {
			isa = XCBuildConfiguration;
			baseConfigurationReference = F835A16DDBBA9C3A914991C8 /* Pods-HeWeather.release.xcconfig */;
			buildSettings = {
				ARCHS = "$(ARCHS_STANDARD)";
				CODE_SIGN_IDENTITY = "";
				CODE_SIGN_STYLE = Automatic;
				DEFINES_MODULE = YES;
				DEVELOPMENT_TEAM = 95J6EU4744;
				DYLIB_COMPATIBILITY_VERSION = 1;
				DYLIB_CURRENT_VERSION = 1;
				DYLIB_INSTALL_NAME_BASE = "@rpath";
				GCC_GENERATE_DEBUGGING_SYMBOLS = NO;
				INFOPLIST_FILE = HeWeather/Info.plist;
				INSTALL_PATH = "$(LOCAL_LIBRARY_DIR)/Frameworks";
				IPHONEOS_DEPLOYMENT_TARGET = 8.0;
				LD_RUNPATH_SEARCH_PATHS = (
					"$(inherited)",
					"@executable_path/Frameworks",
					"@loader_path/Frameworks",
				);
				OTHER_LDFLAGS = (
					"$(inherited)",
					"-ObjC",
					"-l\"AFNetworking\"",
					"-framework",
					"\"CoreGraphics\"",
					"-framework",
					"\"MobileCoreServices\"",
					"-framework",
					"\"Security\"",
					"-framework",
					"\"SystemConfiguration\"",
					"-all_load",
				);
				PRODUCT_BUNDLE_IDENTIFIER = ZhaoYang.HeWeather;
				PRODUCT_NAME = "$(TARGET_NAME:c99extidentifier)";
				SKIP_INSTALL = YES;
				TARGETED_DEVICE_FAMILY = "1,2";
			};
			name = Release;
		};
		83C86E7C20BBB51F003DAD9D /* Debug */ = {
			isa = XCBuildConfiguration;
			buildSettings = {
				CODE_SIGN_STYLE = Automatic;
				DEVELOPMENT_TEAM = 95J6EU4744;
				INFOPLIST_FILE = HeWeatherTests/Info.plist;
				LD_RUNPATH_SEARCH_PATHS = (
					"$(inherited)",
					"@executable_path/Frameworks",
					"@loader_path/Frameworks",
				);
				PRODUCT_BUNDLE_IDENTIFIER = ZhaoYang.HeWeatherTests;
				PRODUCT_NAME = "$(TARGET_NAME)";
				TARGETED_DEVICE_FAMILY = "1,2";
			};
			name = Debug;
		};
		83C86E7D20BBB51F003DAD9D /* Release */ = {
			isa = XCBuildConfiguration;
			buildSettings = {
				CODE_SIGN_STYLE = Automatic;
				DEVELOPMENT_TEAM = 95J6EU4744;
				INFOPLIST_FILE = HeWeatherTests/Info.plist;
				LD_RUNPATH_SEARCH_PATHS = (
					"$(inherited)",
					"@executable_path/Frameworks",
					"@loader_path/Frameworks",
				);
				PRODUCT_BUNDLE_IDENTIFIER = ZhaoYang.HeWeatherTests;
				PRODUCT_NAME = "$(TARGET_NAME)";
				TARGETED_DEVICE_FAMILY = "1,2";
			};
			name = Release;
		};
/* End XCBuildConfiguration section */

/* Begin XCConfigurationList section */
		83C86E5E20BBB51F003DAD9D /* Build configuration list for PBXProject "HeWeather" */ = {
			isa = XCConfigurationList;
			buildConfigurations = (
				83C86E7620BBB51F003DAD9D /* Debug */,
				83C86E7720BBB51F003DAD9D /* Release */,
			);
			defaultConfigurationIsVisible = 0;
			defaultConfigurationName = Release;
		};
		83C86E7820BBB51F003DAD9D /* Build configuration list for PBXNativeTarget "HeWeather" */ = {
			isa = XCConfigurationList;
			buildConfigurations = (
				83C86E7920BBB51F003DAD9D /* Debug */,
				83C86E7A20BBB51F003DAD9D /* Release */,
			);
			defaultConfigurationIsVisible = 0;
			defaultConfigurationName = Release;
		};
		83C86E7B20BBB51F003DAD9D /* Build configuration list for PBXNativeTarget "HeWeatherTests" */ = {
			isa = XCConfigurationList;
			buildConfigurations = (
				83C86E7C20BBB51F003DAD9D /* Debug */,
				83C86E7D20BBB51F003DAD9D /* Release */,
			);
			defaultConfigurationIsVisible = 0;
			defaultConfigurationName = Release;
		};
/* End XCConfigurationList section */
	};
	rootObject = 83C86E5B20BBB51F003DAD9D /* Project object */;
}
