// !$*UTF8*$!
{
	archiveVersion = 1;
	classes = {
	};
	objectVersion = 50;
	objects = {

/* Begin PBXBuildFile section */
		240F9ACB235D3E9900FFF67B /* AllWeatherInquieirs+Tool.m in Sources */ = {isa = PBXBuildFile; fileRef = 240F9AC3235D3E9800FFF67B /* AllWeatherInquieirs+Tool.m */; };
		240F9ACC235D3E9900FFF67B /* AllWeatherInquieirs+Request.m in Sources */ = {isa = PBXBuildFile; fileRef = 240F9AC4235D3E9900FFF67B /* AllWeatherInquieirs+Request.m */; };
		240F9ACD235D3E9900FFF67B /* AllWeatherInquieirs.m in Sources */ = {isa = PBXBuildFile; fileRef = 240F9AC7235D3E9900FFF67B /* AllWeatherInquieirs.m */; };
		240F9B15235D3ECD00FFF67B /* WeatherGridMinuteModel.m in Sources */ = {isa = PBXBuildFile; fileRef = 240F9AD0235D3ECC00FFF67B /* WeatherGridMinuteModel.m */; };
		240F9B16235D3ECD00FFF67B /* SearchModel.m in Sources */ = {isa = PBXBuildFile; fileRef = 240F9AD3235D3ECC00FFF67B /* SearchModel.m */; };
		240F9B17235D3ECD00FFF67B /* WeatherGridHourlyModel.m in Sources */ = {isa = PBXBuildFile; fileRef = 240F9AD5235D3ECC00FFF67B /* WeatherGridHourlyModel.m */; };
		240F9B18235D3ECD00FFF67B /* WeatherHistoricalModel.m in Sources */ = {isa = PBXBuildFile; fileRef = 240F9AD9235D3ECC00FFF67B /* WeatherHistoricalModel.m */; };
		240F9B19235D3ECD00FFF67B /* AirHourlyModel.m in Sources */ = {isa = PBXBuildFile; fileRef = 240F9ADB235D3ECC00FFF67B /* AirHourlyModel.m */; };
		240F9B1A235D3ECD00FFF67B /* WeatherModel.m in Sources */ = {isa = PBXBuildFile; fileRef = 240F9ADE235D3ECC00FFF67B /* WeatherModel.m */; };
		240F9B1B235D3ECD00FFF67B /* WeatherNowModel.m in Sources */ = {isa = PBXBuildFile; fileRef = 240F9AE2235D3ECC00FFF67B /* WeatherNowModel.m */; };
		240F9B1C235D3ECD00FFF67B /* TopModel.m in Sources */ = {isa = PBXBuildFile; fileRef = 240F9AE5235D3ECC00FFF67B /* TopModel.m */; };
		240F9B1D235D3ECD00FFF67B /* ScenicModel.m in Sources */ = {isa = PBXBuildFile; fileRef = 240F9AE8235D3ECC00FFF67B /* ScenicModel.m */; };
		240F9B1E235D3ECD00FFF67B /* AlarmModel.m in Sources */ = {isa = PBXBuildFile; fileRef = 240F9AEB235D3ECC00FFF67B /* AlarmModel.m */; };
		240F9B1F235D3ECD00FFF67B /* WeatherForecastModel.m in Sources */ = {isa = PBXBuildFile; fileRef = 240F9AED235D3ECC00FFF67B /* WeatherForecastModel.m */; };
		240F9B20235D3ECD00FFF67B /* AirModel.m in Sources */ = {isa = PBXBuildFile; fileRef = 240F9AF0235D3ECC00FFF67B /* AirModel.m */; };
		240F9B21235D3ECD00FFF67B /* AirNowModel.m in Sources */ = {isa = PBXBuildFile; fileRef = 240F9AF3235D3ECC00FFF67B /* AirNowModel.m */; };
		240F9B22235D3ECD00FFF67B /* WeatherGridNowModel.m in Sources */ = {isa = PBXBuildFile; fileRef = 240F9AF7235D3ECC00FFF67B /* WeatherGridNowModel.m */; };
		240F9B23235D3ECD00FFF67B /* SolarSunriseSunsetModel.m in Sources */ = {isa = PBXBuildFile; fileRef = 240F9AFA235D3ECC00FFF67B /* SolarSunriseSunsetModel.m */; };
		240F9B24235D3ECD00FFF67B /* AirForecastModel.m in Sources */ = {isa = PBXBuildFile; fileRef = 240F9AFC235D3ECC00FFF67B /* AirForecastModel.m */; };
		240F9B25235D3ECD00FFF67B /* WeatherLifestyleModel.m in Sources */ = {isa = PBXBuildFile; fileRef = 240F9AFF235D3ECC00FFF67B /* WeatherLifestyleModel.m */; };
		240F9B26235D3ECD00FFF67B /* WeatherHourlyModel.m in Sources */ = {isa = PBXBuildFile; fileRef = 240F9B02235D3ECC00FFF67B /* WeatherHourlyModel.m */; };
		240F9B27235D3ECD00FFF67B /* FindModel.m in Sources */ = {isa = PBXBuildFile; fileRef = 240F9B06235D3ECC00FFF67B /* FindModel.m */; };
		240F9B28235D3ECD00FFF67B /* SolarElevationAngleModel.m in Sources */ = {isa = PBXBuildFile; fileRef = 240F9B08235D3ECD00FFF67B /* SolarElevationAngleModel.m */; };
		240F9B29235D3ECD00FFF67B /* WeatherResponseModel.m in Sources */ = {isa = PBXBuildFile; fileRef = 240F9B0D235D3ECD00FFF67B /* WeatherResponseModel.m */; };
		240F9B2A235D3ECD00FFF67B /* SearchWeatherResponseModel.m in Sources */ = {isa = PBXBuildFile; fileRef = 240F9B0E235D3ECD00FFF67B /* SearchWeatherResponseModel.m */; };
		240F9B2B235D3ECD00FFF67B /* AlarmAllModel.m in Sources */ = {isa = PBXBuildFile; fileRef = 240F9B11235D3ECD00FFF67B /* AlarmAllModel.m */; };
		240F9B2C235D3ECD00FFF67B /* WeatherGridForecastModel.m in Sources */ = {isa = PBXBuildFile; fileRef = 240F9B13235D3ECD00FFF67B /* WeatherGridForecastModel.m */; };
		247F4ABA2123F40E00C62234 /* AppDelegate.m in Sources */ = {isa = PBXBuildFile; fileRef = 247F4AB92123F40E00C62234 /* AppDelegate.m */; };
		247F4ABD2123F40E00C62234 /* ViewController.m in Sources */ = {isa = PBXBuildFile; fileRef = 247F4ABC2123F40E00C62234 /* ViewController.m */; };
		247F4AC02123F40E00C62234 /* Main.storyboard in Resources */ = {isa = PBXBuildFile; fileRef = 247F4ABE2123F40E00C62234 /* Main.storyboard */; };
		247F4AC22123F40F00C62234 /* Assets.xcassets in Resources */ = {isa = PBXBuildFile; fileRef = 247F4AC12123F40F00C62234 /* Assets.xcassets */; };
		247F4AC52123F40F00C62234 /* LaunchScreen.storyboard in Resources */ = {isa = PBXBuildFile; fileRef = 247F4AC32123F40F00C62234 /* LaunchScreen.storyboard */; };
		247F4AC82123F40F00C62234 /* main.m in Sources */ = {isa = PBXBuildFile; fileRef = 247F4AC72123F40F00C62234 /* main.m */; };
		247F4AD22123F41000C62234 /* HeWeatherDemoTests.m in Sources */ = {isa = PBXBuildFile; fileRef = 247F4AD12123F41000C62234 /* HeWeatherDemoTests.m */; };
		247F4ADD2123F41000C62234 /* HeWeatherDemoUITests.m in Sources */ = {isa = PBXBuildFile; fileRef = 247F4ADC2123F41000C62234 /* HeWeatherDemoUITests.m */; };
		966EEA488266E080F82B67E4 /* libPods-HeWeatherDemo.a in Frameworks */ = {isa = PBXBuildFile; fileRef = 4737881B32F8814B53640E2F /* libPods-HeWeatherDemo.a */; };
/* End PBXBuildFile section */

/* Begin PBXContainerItemProxy section */
		247F4ACE2123F41000C62234 /* PBXContainerItemProxy */ = {
			isa = PBXContainerItemProxy;
			containerPortal = 247F4AAD2123F40E00C62234 /* Project object */;
			proxyType = 1;
			remoteGlobalIDString = 247F4AB42123F40E00C62234;
			remoteInfo = HeWeatherDemo;
		};
		247F4AD92123F41000C62234 /* PBXContainerItemProxy */ = {
			isa = PBXContainerItemProxy;
			containerPortal = 247F4AAD2123F40E00C62234 /* Project object */;
			proxyType = 1;
			remoteGlobalIDString = 247F4AB42123F40E00C62234;
			remoteInfo = HeWeatherDemo;
		};
/* End PBXContainerItemProxy section */

/* Begin PBXFileReference section */
		240F9AC3235D3E9800FFF67B /* AllWeatherInquieirs+Tool.m */ = {isa = PBXFileReference; fileEncoding = 4; lastKnownFileType = sourcecode.c.objc; path = "AllWeatherInquieirs+Tool.m"; sourceTree = "<group>"; };
		240F9AC4235D3E9900FFF67B /* AllWeatherInquieirs+Request.m */ = {isa = PBXFileReference; fileEncoding = 4; lastKnownFileType = sourcecode.c.objc; path = "AllWeatherInquieirs+Request.m"; sourceTree = "<group>"; };
		240F9AC5235D3E9900FFF67B /* DataBaseClasses.h */ = {isa = PBXFileReference; fileEncoding = 4; lastKnownFileType = sourcecode.c.h; path = DataBaseClasses.h; sourceTree = "<group>"; };
		240F9AC6235D3E9900FFF67B /* AllWeatherInquieirs+Request.h */ = {isa = PBXFileReference; fileEncoding = 4; lastKnownFileType = sourcecode.c.h; path = "AllWeatherInquieirs+Request.h"; sourceTree = "<group>"; };
		240F9AC7235D3E9900FFF67B /* AllWeatherInquieirs.m */ = {isa = PBXFileReference; fileEncoding = 4; lastKnownFileType = sourcecode.c.objc; path = AllWeatherInquieirs.m; sourceTree = "<group>"; };
		240F9AC8235D3E9900FFF67B /* AllWeatherInquieirs+Tool.h */ = {isa = PBXFileReference; fileEncoding = 4; lastKnownFileType = sourcecode.c.h; path = "AllWeatherInquieirs+Tool.h"; sourceTree = "<group>"; };
		240F9AC9235D3E9900FFF67B /* AllWeatherInquieirs.h */ = {isa = PBXFileReference; fileEncoding = 4; lastKnownFileType = sourcecode.c.h; path = AllWeatherInquieirs.h; sourceTree = "<group>"; };
		240F9ACA235D3E9900FFF67B /* AllWeatherInquieirs+Property.h */ = {isa = PBXFileReference; fileEncoding = 4; lastKnownFileType = sourcecode.c.h; path = "AllWeatherInquieirs+Property.h"; sourceTree = "<group>"; };
		240F9ACF235D3ECC00FFF67B /* WeatherGridMinuteModel.h */ = {isa = PBXFileReference; fileEncoding = 4; lastKnownFileType = sourcecode.c.h; path = WeatherGridMinuteModel.h; sourceTree = "<group>"; };
		240F9AD0235D3ECC00FFF67B /* WeatherGridMinuteModel.m */ = {isa = PBXFileReference; fileEncoding = 4; lastKnownFileType = sourcecode.c.objc; path = WeatherGridMinuteModel.m; sourceTree = "<group>"; };
		240F9AD2235D3ECC00FFF67B /* SearchModel.h */ = {isa = PBXFileReference; fileEncoding = 4; lastKnownFileType = sourcecode.c.h; path = SearchModel.h; sourceTree = "<group>"; };
		240F9AD3235D3ECC00FFF67B /* SearchModel.m */ = {isa = PBXFileReference; fileEncoding = 4; lastKnownFileType = sourcecode.c.objc; path = SearchModel.m; sourceTree = "<group>"; };
		240F9AD5235D3ECC00FFF67B /* WeatherGridHourlyModel.m */ = {isa = PBXFileReference; fileEncoding = 4; lastKnownFileType = sourcecode.c.objc; path = WeatherGridHourlyModel.m; sourceTree = "<group>"; };
		240F9AD6235D3ECC00FFF67B /* WeatherGridHourlyModel.h */ = {isa = PBXFileReference; fileEncoding = 4; lastKnownFileType = sourcecode.c.h; path = WeatherGridHourlyModel.h; sourceTree = "<group>"; };
		240F9AD8235D3ECC00FFF67B /* WeatherHistoricalModel.h */ = {isa = PBXFileReference; fileEncoding = 4; lastKnownFileType = sourcecode.c.h; path = WeatherHistoricalModel.h; sourceTree = "<group>"; };
		240F9AD9235D3ECC00FFF67B /* WeatherHistoricalModel.m */ = {isa = PBXFileReference; fileEncoding = 4; lastKnownFileType = sourcecode.c.objc; path = WeatherHistoricalModel.m; sourceTree = "<group>"; };
		240F9ADB235D3ECC00FFF67B /* AirHourlyModel.m */ = {isa = PBXFileReference; fileEncoding = 4; lastKnownFileType = sourcecode.c.objc; path = AirHourlyModel.m; sourceTree = "<group>"; };
		240F9ADC235D3ECC00FFF67B /* AirHourlyModel.h */ = {isa = PBXFileReference; fileEncoding = 4; lastKnownFileType = sourcecode.c.h; path = AirHourlyModel.h; sourceTree = "<group>"; };
		240F9ADE235D3ECC00FFF67B /* WeatherModel.m */ = {isa = PBXFileReference; fileEncoding = 4; lastKnownFileType = sourcecode.c.objc; path = WeatherModel.m; sourceTree = "<group>"; };
		240F9ADF235D3ECC00FFF67B /* WeatherModel.h */ = {isa = PBXFileReference; fileEncoding = 4; lastKnownFileType = sourcecode.c.h; path = WeatherModel.h; sourceTree = "<group>"; };
		240F9AE1235D3ECC00FFF67B /* WeatherNowModel.h */ = {isa = PBXFileReference; fileEncoding = 4; lastKnownFileType = sourcecode.c.h; path = WeatherNowModel.h; sourceTree = "<group>"; };
		240F9AE2235D3ECC00FFF67B /* WeatherNowModel.m */ = {isa = PBXFileReference; fileEncoding = 4; lastKnownFileType = sourcecode.c.objc; path = WeatherNowModel.m; sourceTree = "<group>"; };
		240F9AE4235D3ECC00FFF67B /* TopModel.h */ = {isa = PBXFileReference; fileEncoding = 4; lastKnownFileType = sourcecode.c.h; path = TopModel.h; sourceTree = "<group>"; };
		240F9AE5235D3ECC00FFF67B /* TopModel.m */ = {isa = PBXFileReference; fileEncoding = 4; lastKnownFileType = sourcecode.c.objc; path = TopModel.m; sourceTree = "<group>"; };
		240F9AE7235D3ECC00FFF67B /* ScenicModel.h */ = {isa = PBXFileReference; fileEncoding = 4; lastKnownFileType = sourcecode.c.h; path = ScenicModel.h; sourceTree = "<group>"; };
		240F9AE8235D3ECC00FFF67B /* ScenicModel.m */ = {isa = PBXFileReference; fileEncoding = 4; lastKnownFileType = sourcecode.c.objc; path = ScenicModel.m; sourceTree = "<group>"; };
		240F9AEA235D3ECC00FFF67B /* AlarmModel.h */ = {isa = PBXFileReference; fileEncoding = 4; lastKnownFileType = sourcecode.c.h; path = AlarmModel.h; sourceTree = "<group>"; };
		240F9AEB235D3ECC00FFF67B /* AlarmModel.m */ = {isa = PBXFileReference; fileEncoding = 4; lastKnownFileType = sourcecode.c.objc; path = AlarmModel.m; sourceTree = "<group>"; };
		240F9AED235D3ECC00FFF67B /* WeatherForecastModel.m */ = {isa = PBXFileReference; fileEncoding = 4; lastKnownFileType = sourcecode.c.objc; path = WeatherForecastModel.m; sourceTree = "<group>"; };
		240F9AEE235D3ECC00FFF67B /* WeatherForecastModel.h */ = {isa = PBXFileReference; fileEncoding = 4; lastKnownFileType = sourcecode.c.h; path = WeatherForecastModel.h; sourceTree = "<group>"; };
		240F9AF0235D3ECC00FFF67B /* AirModel.m */ = {isa = PBXFileReference; fileEncoding = 4; lastKnownFileType = sourcecode.c.objc; path = AirModel.m; sourceTree = "<group>"; };
		240F9AF1235D3ECC00FFF67B /* AirModel.h */ = {isa = PBXFileReference; fileEncoding = 4; lastKnownFileType = sourcecode.c.h; path = AirModel.h; sourceTree = "<group>"; };
		240F9AF3235D3ECC00FFF67B /* AirNowModel.m */ = {isa = PBXFileReference; fileEncoding = 4; lastKnownFileType = sourcecode.c.objc; path = AirNowModel.m; sourceTree = "<group>"; };
		240F9AF4235D3ECC00FFF67B /* AirNowModel.h */ = {isa = PBXFileReference; fileEncoding = 4; lastKnownFileType = sourcecode.c.h; path = AirNowModel.h; sourceTree = "<group>"; };
		240F9AF6235D3ECC00FFF67B /* WeatherGridNowModel.h */ = {isa = PBXFileReference; fileEncoding = 4; lastKnownFileType = sourcecode.c.h; path = WeatherGridNowModel.h; sourceTree = "<group>"; };
		240F9AF7235D3ECC00FFF67B /* WeatherGridNowModel.m */ = {isa = PBXFileReference; fileEncoding = 4; lastKnownFileType = sourcecode.c.objc; path = WeatherGridNowModel.m; sourceTree = "<group>"; };
		240F9AF9235D3ECC00FFF67B /* SolarSunriseSunsetModel.h */ = {isa = PBXFileReference; fileEncoding = 4; lastKnownFileType = sourcecode.c.h; path = SolarSunriseSunsetModel.h; sourceTree = "<group>"; };
		240F9AFA235D3ECC00FFF67B /* SolarSunriseSunsetModel.m */ = {isa = PBXFileReference; fileEncoding = 4; lastKnownFileType = sourcecode.c.objc; path = SolarSunriseSunsetModel.m; sourceTree = "<group>"; };
		240F9AFC235D3ECC00FFF67B /* AirForecastModel.m */ = {isa = PBXFileReference; fileEncoding = 4; lastKnownFileType = sourcecode.c.objc; path = AirForecastModel.m; sourceTree = "<group>"; };
		240F9AFD235D3ECC00FFF67B /* AirForecastModel.h */ = {isa = PBXFileReference; fileEncoding = 4; lastKnownFileType = sourcecode.c.h; path = AirForecastModel.h; sourceTree = "<group>"; };
		240F9AFF235D3ECC00FFF67B /* WeatherLifestyleModel.m */ = {isa = PBXFileReference; fileEncoding = 4; lastKnownFileType = sourcecode.c.objc; path = WeatherLifestyleModel.m; sourceTree = "<group>"; };
		240F9B00235D3ECC00FFF67B /* WeatherLifestyleModel.h */ = {isa = PBXFileReference; fileEncoding = 4; lastKnownFileType = sourcecode.c.h; path = WeatherLifestyleModel.h; sourceTree = "<group>"; };
		240F9B02235D3ECC00FFF67B /* WeatherHourlyModel.m */ = {isa = PBXFileReference; fileEncoding = 4; lastKnownFileType = sourcecode.c.objc; path = WeatherHourlyModel.m; sourceTree = "<group>"; };
		240F9B03235D3ECC00FFF67B /* WeatherHourlyModel.h */ = {isa = PBXFileReference; fileEncoding = 4; lastKnownFileType = sourcecode.c.h; path = WeatherHourlyModel.h; sourceTree = "<group>"; };
		240F9B05235D3ECC00FFF67B /* FindModel.h */ = {isa = PBXFileReference; fileEncoding = 4; lastKnownFileType = sourcecode.c.h; path = FindModel.h; sourceTree = "<group>"; };
		240F9B06235D3ECC00FFF67B /* FindModel.m */ = {isa = PBXFileReference; fileEncoding = 4; lastKnownFileType = sourcecode.c.objc; path = FindModel.m; sourceTree = "<group>"; };
		240F9B08235D3ECD00FFF67B /* SolarElevationAngleModel.m */ = {isa = PBXFileReference; fileEncoding = 4; lastKnownFileType = sourcecode.c.objc; path = SolarElevationAngleModel.m; sourceTree = "<group>"; };
		240F9B09235D3ECD00FFF67B /* SolarElevationAngleModel.h */ = {isa = PBXFileReference; fileEncoding = 4; lastKnownFileType = sourcecode.c.h; path = SolarElevationAngleModel.h; sourceTree = "<group>"; };
		240F9B0B235D3ECD00FFF67B /* WeatherResponseModel.h */ = {isa = PBXFileReference; fileEncoding = 4; lastKnownFileType = sourcecode.c.h; path = WeatherResponseModel.h; sourceTree = "<group>"; };
		240F9B0C235D3ECD00FFF67B /* SearchWeatherResponseModel.h */ = {isa = PBXFileReference; fileEncoding = 4; lastKnownFileType = sourcecode.c.h; path = SearchWeatherResponseModel.h; sourceTree = "<group>"; };
		240F9B0D235D3ECD00FFF67B /* WeatherResponseModel.m */ = {isa = PBXFileReference; fileEncoding = 4; lastKnownFileType = sourcecode.c.objc; path = WeatherResponseModel.m; sourceTree = "<group>"; };
		240F9B0E235D3ECD00FFF67B /* SearchWeatherResponseModel.m */ = {isa = PBXFileReference; fileEncoding = 4; lastKnownFileType = sourcecode.c.objc; path = SearchWeatherResponseModel.m; sourceTree = "<group>"; };
		240F9B10235D3ECD00FFF67B /* AlarmAllModel.h */ = {isa = PBXFileReference; fileEncoding = 4; lastKnownFileType = sourcecode.c.h; path = AlarmAllModel.h; sourceTree = "<group>"; };
		240F9B11235D3ECD00FFF67B /* AlarmAllModel.m */ = {isa = PBXFileReference; fileEncoding = 4; lastKnownFileType = sourcecode.c.objc; path = AlarmAllModel.m; sourceTree = "<group>"; };
		240F9B13235D3ECD00FFF67B /* WeatherGridForecastModel.m */ = {isa = PBXFileReference; fileEncoding = 4; lastKnownFileType = sourcecode.c.objc; path = WeatherGridForecastModel.m; sourceTree = "<group>"; };
		240F9B14235D3ECD00FFF67B /* WeatherGridForecastModel.h */ = {isa = PBXFileReference; fileEncoding = 4; lastKnownFileType = sourcecode.c.h; path = WeatherGridForecastModel.h; sourceTree = "<group>"; };
		247F4AB52123F40E00C62234 /* HeWeatherDemo.app */ = {isa = PBXFileReference; explicitFileType = wrapper.application; includeInIndex = 0; path = HeWeatherDemo.app; sourceTree = BUILT_PRODUCTS_DIR; };
		247F4AB82123F40E00C62234 /* AppDelegate.h */ = {isa = PBXFileReference; lastKnownFileType = sourcecode.c.h; path = AppDelegate.h; sourceTree = "<group>"; };
		247F4AB92123F40E00C62234 /* AppDelegate.m */ = {isa = PBXFileReference; lastKnownFileType = sourcecode.c.objc; path = AppDelegate.m; sourceTree = "<group>"; };
		247F4ABB2123F40E00C62234 /* ViewController.h */ = {isa = PBXFileReference; lastKnownFileType = sourcecode.c.h; path = ViewController.h; sourceTree = "<group>"; };
		247F4ABC2123F40E00C62234 /* ViewController.m */ = {isa = PBXFileReference; lastKnownFileType = sourcecode.c.objc; path = ViewController.m; sourceTree = "<group>"; };
		247F4ABF2123F40E00C62234 /* Base */ = {isa = PBXFileReference; lastKnownFileType = file.storyboard; name = Base; path = Base.lproj/Main.storyboard; sourceTree = "<group>"; };
		247F4AC12123F40F00C62234 /* Assets.xcassets */ = {isa = PBXFileReference; lastKnownFileType = folder.assetcatalog; path = Assets.xcassets; sourceTree = "<group>"; };
		247F4AC42123F40F00C62234 /* Base */ = {isa = PBXFileReference; lastKnownFileType = file.storyboard; name = Base; path = Base.lproj/LaunchScreen.storyboard; sourceTree = "<group>"; };
		247F4AC62123F40F00C62234 /* Info.plist */ = {isa = PBXFileReference; lastKnownFileType = text.plist.xml; path = Info.plist; sourceTree = "<group>"; };
		247F4AC72123F40F00C62234 /* main.m */ = {isa = PBXFileReference; lastKnownFileType = sourcecode.c.objc; path = main.m; sourceTree = "<group>"; };
		247F4ACD2123F41000C62234 /* HeWeatherDemoTests.xctest */ = {isa = PBXFileReference; explicitFileType = wrapper.cfbundle; includeInIndex = 0; path = HeWeatherDemoTests.xctest; sourceTree = BUILT_PRODUCTS_DIR; };
		247F4AD12123F41000C62234 /* HeWeatherDemoTests.m */ = {isa = PBXFileReference; lastKnownFileType = sourcecode.c.objc; path = HeWeatherDemoTests.m; sourceTree = "<group>"; };
		247F4AD32123F41000C62234 /* Info.plist */ = {isa = PBXFileReference; lastKnownFileType = text.plist.xml; path = Info.plist; sourceTree = "<group>"; };
		247F4AD82123F41000C62234 /* HeWeatherDemoUITests.xctest */ = {isa = PBXFileReference; explicitFileType = wrapper.cfbundle; includeInIndex = 0; path = HeWeatherDemoUITests.xctest; sourceTree = BUILT_PRODUCTS_DIR; };
		247F4ADC2123F41000C62234 /* HeWeatherDemoUITests.m */ = {isa = PBXFileReference; lastKnownFileType = sourcecode.c.objc; path = HeWeatherDemoUITests.m; sourceTree = "<group>"; };
		247F4ADE2123F41000C62234 /* Info.plist */ = {isa = PBXFileReference; lastKnownFileType = text.plist.xml; path = Info.plist; sourceTree = "<group>"; };
		24EC8687213BA5710054D300 /* PrefixHeader.pch */ = {isa = PBXFileReference; lastKnownFileType = sourcecode.c.h; path = PrefixHeader.pch; sourceTree = "<group>"; };
		44226196EB57B0885D21CFF6 /* Pods-HeWeatherDemo.debug.xcconfig */ = {isa = PBXFileReference; includeInIndex = 1; lastKnownFileType = text.xcconfig; name = "Pods-HeWeatherDemo.debug.xcconfig"; path = "Pods/Target Support Files/Pods-HeWeatherDemo/Pods-HeWeatherDemo.debug.xcconfig"; sourceTree = "<group>"; };
		4737881B32F8814B53640E2F /* libPods-HeWeatherDemo.a */ = {isa = PBXFileReference; explicitFileType = archive.ar; includeInIndex = 0; path = "libPods-HeWeatherDemo.a"; sourceTree = BUILT_PRODUCTS_DIR; };
		4EF24001185802020AD65BB7 /* Pods-HeWeatherDemo.release.xcconfig */ = {isa = PBXFileReference; includeInIndex = 1; lastKnownFileType = text.xcconfig; name = "Pods-HeWeatherDemo.release.xcconfig"; path = "Pods/Target Support Files/Pods-HeWeatherDemo/Pods-HeWeatherDemo.release.xcconfig"; sourceTree = "<group>"; };
/* End PBXFileReference section */

/* Begin PBXFrameworksBuildPhase section */
		247F4AB22123F40E00C62234 /* Frameworks */ = {
			isa = PBXFrameworksBuildPhase;
			buildActionMask = 2147483647;
			files = (
				966EEA488266E080F82B67E4 /* libPods-HeWeatherDemo.a in Frameworks */,
			);
			runOnlyForDeploymentPostprocessing = 0;
		};
		247F4ACA2123F41000C62234 /* Frameworks */ = {
			isa = PBXFrameworksBuildPhase;
			buildActionMask = 2147483647;
			files = (
			);
			runOnlyForDeploymentPostprocessing = 0;
		};
		247F4AD52123F41000C62234 /* Frameworks */ = {
			isa = PBXFrameworksBuildPhase;
			buildActionMask = 2147483647;
			files = (
			);
			runOnlyForDeploymentPostprocessing = 0;
		};
/* End PBXFrameworksBuildPhase section */

/* Begin PBXGroup section */
		240F9A5023583A7000FFF67B /* Models */ = {
			isa = PBXGroup;
			children = (
				240F9AFB235D3ECC00FFF67B /* AirForecastModel */,
				240F9ADA235D3ECC00FFF67B /* AirHourlyModel */,
				240F9AEF235D3ECC00FFF67B /* AirModel */,
				240F9AF2235D3ECC00FFF67B /* AirNowModel */,
				240F9B0F235D3ECD00FFF67B /* AlarmAllModel */,
				240F9AE9235D3ECC00FFF67B /* AlarmModel */,
				240F9B04235D3ECC00FFF67B /* FindModel */,
				240F9B0A235D3ECD00FFF67B /* RootModel */,
				240F9AE6235D3ECC00FFF67B /* ScenicModel */,
				240F9AD1235D3ECC00FFF67B /* SearchModel */,
				240F9B07235D3ECD00FFF67B /* SolarElevationAngleModel */,
				240F9AF8235D3ECC00FFF67B /* SolarSunriseSunsetModel */,
				240F9AE3235D3ECC00FFF67B /* TopModel */,
				240F9AEC235D3ECC00FFF67B /* WeatherForecastModel */,
				240F9B12235D3ECD00FFF67B /* WeatherGridForecastModel */,
				240F9AD4235D3ECC00FFF67B /* WeatherGridHourlyModel */,
				240F9ACE235D3ECC00FFF67B /* WeatherGridMinuteModel */,
				240F9AF5235D3ECC00FFF67B /* WeatherGridNowModel */,
				240F9AD7235D3ECC00FFF67B /* WeatherHistoricalModel */,
				240F9B01235D3ECC00FFF67B /* WeatherHourlyModel */,
				240F9AFE235D3ECC00FFF67B /* WeatherLifestyleModel */,
				240F9ADD235D3ECC00FFF67B /* WeatherModel */,
				240F9AE0235D3ECC00FFF67B /* WeatherNowModel */,
			);
			path = Models;
			sourceTree = "<group>";
		};
		240F9ACE235D3ECC00FFF67B /* WeatherGridMinuteModel */ = {
			isa = PBXGroup;
			children = (
				240F9ACF235D3ECC00FFF67B /* WeatherGridMinuteModel.h */,
				240F9AD0235D3ECC00FFF67B /* WeatherGridMinuteModel.m */,
			);
			path = WeatherGridMinuteModel;
			sourceTree = "<group>";
		};
		240F9AD1235D3ECC00FFF67B /* SearchModel */ = {
			isa = PBXGroup;
			children = (
				240F9AD2235D3ECC00FFF67B /* SearchModel.h */,
				240F9AD3235D3ECC00FFF67B /* SearchModel.m */,
			);
			path = SearchModel;
			sourceTree = "<group>";
		};
		240F9AD4235D3ECC00FFF67B /* WeatherGridHourlyModel */ = {
			isa = PBXGroup;
			children = (
				240F9AD5235D3ECC00FFF67B /* WeatherGridHourlyModel.m */,
				240F9AD6235D3ECC00FFF67B /* WeatherGridHourlyModel.h */,
			);
			path = WeatherGridHourlyModel;
			sourceTree = "<group>";
		};
		240F9AD7235D3ECC00FFF67B /* WeatherHistoricalModel */ = {
			isa = PBXGroup;
			children = (
				240F9AD8235D3ECC00FFF67B /* WeatherHistoricalModel.h */,
				240F9AD9235D3ECC00FFF67B /* WeatherHistoricalModel.m */,
			);
			path = WeatherHistoricalModel;
			sourceTree = "<group>";
		};
		240F9ADA235D3ECC00FFF67B /* AirHourlyModel */ = {
			isa = PBXGroup;
			children = (
				240F9ADB235D3ECC00FFF67B /* AirHourlyModel.m */,
				240F9ADC235D3ECC00FFF67B /* AirHourlyModel.h */,
			);
			path = AirHourlyModel;
			sourceTree = "<group>";
		};
		240F9ADD235D3ECC00FFF67B /* WeatherModel */ = {
			isa = PBXGroup;
			children = (
				240F9ADE235D3ECC00FFF67B /* WeatherModel.m */,
				240F9ADF235D3ECC00FFF67B /* WeatherModel.h */,
			);
			path = WeatherModel;
			sourceTree = "<group>";
		};
		240F9AE0235D3ECC00FFF67B /* WeatherNowModel */ = {
			isa = PBXGroup;
			children = (
				240F9AE1235D3ECC00FFF67B /* WeatherNowModel.h */,
				240F9AE2235D3ECC00FFF67B /* WeatherNowModel.m */,
			);
			path = WeatherNowModel;
			sourceTree = "<group>";
		};
		240F9AE3235D3ECC00FFF67B /* TopModel */ = {
			isa = PBXGroup;
			children = (
				240F9AE4235D3ECC00FFF67B /* TopModel.h */,
				240F9AE5235D3ECC00FFF67B /* TopModel.m */,
			);
			path = TopModel;
			sourceTree = "<group>";
		};
		240F9AE6235D3ECC00FFF67B /* ScenicModel */ = {
			isa = PBXGroup;
			children = (
				240F9AE7235D3ECC00FFF67B /* ScenicModel.h */,
				240F9AE8235D3ECC00FFF67B /* ScenicModel.m */,
			);
			path = ScenicModel;
			sourceTree = "<group>";
		};
		240F9AE9235D3ECC00FFF67B /* AlarmModel */ = {
			isa = PBXGroup;
			children = (
				240F9AEA235D3ECC00FFF67B /* AlarmModel.h */,
				240F9AEB235D3ECC00FFF67B /* AlarmModel.m */,
			);
			path = AlarmModel;
			sourceTree = "<group>";
		};
		240F9AEC235D3ECC00FFF67B /* WeatherForecastModel */ = {
			isa = PBXGroup;
			children = (
				240F9AED235D3ECC00FFF67B /* WeatherForecastModel.m */,
				240F9AEE235D3ECC00FFF67B /* WeatherForecastModel.h */,
			);
			path = WeatherForecastModel;
			sourceTree = "<group>";
		};
		240F9AEF235D3ECC00FFF67B /* AirModel */ = {
			isa = PBXGroup;
			children = (
				240F9AF0235D3ECC00FFF67B /* AirModel.m */,
				240F9AF1235D3ECC00FFF67B /* AirModel.h */,
			);
			path = AirModel;
			sourceTree = "<group>";
		};
		240F9AF2235D3ECC00FFF67B /* AirNowModel */ = {
			isa = PBXGroup;
			children = (
				240F9AF3235D3ECC00FFF67B /* AirNowModel.m */,
				240F9AF4235D3ECC00FFF67B /* AirNowModel.h */,
			);
			path = AirNowModel;
			sourceTree = "<group>";
		};
		240F9AF5235D3ECC00FFF67B /* WeatherGridNowModel */ = {
			isa = PBXGroup;
			children = (
				240F9AF6235D3ECC00FFF67B /* WeatherGridNowModel.h */,
				240F9AF7235D3ECC00FFF67B /* WeatherGridNowModel.m */,
			);
			path = WeatherGridNowModel;
			sourceTree = "<group>";
		};
		240F9AF8235D3ECC00FFF67B /* SolarSunriseSunsetModel */ = {
			isa = PBXGroup;
			children = (
				240F9AF9235D3ECC00FFF67B /* SolarSunriseSunsetModel.h */,
				240F9AFA235D3ECC00FFF67B /* SolarSunriseSunsetModel.m */,
			);
			path = SolarSunriseSunsetModel;
			sourceTree = "<group>";
		};
		240F9AFB235D3ECC00FFF67B /* AirForecastModel */ = {
			isa = PBXGroup;
			children = (
				240F9AFC235D3ECC00FFF67B /* AirForecastModel.m */,
				240F9AFD235D3ECC00FFF67B /* AirForecastModel.h */,
			);
			path = AirForecastModel;
			sourceTree = "<group>";
		};
		240F9AFE235D3ECC00FFF67B /* WeatherLifestyleModel */ = {
			isa = PBXGroup;
			children = (
				240F9AFF235D3ECC00FFF67B /* WeatherLifestyleModel.m */,
				240F9B00235D3ECC00FFF67B /* WeatherLifestyleModel.h */,
			);
			path = WeatherLifestyleModel;
			sourceTree = "<group>";
		};
		240F9B01235D3ECC00FFF67B /* WeatherHourlyModel */ = {
			isa = PBXGroup;
			children = (
				240F9B02235D3ECC00FFF67B /* WeatherHourlyModel.m */,
				240F9B03235D3ECC00FFF67B /* WeatherHourlyModel.h */,
			);
			path = WeatherHourlyModel;
			sourceTree = "<group>";
		};
		240F9B04235D3ECC00FFF67B /* FindModel */ = {
			isa = PBXGroup;
			children = (
				240F9B05235D3ECC00FFF67B /* FindModel.h */,
				240F9B06235D3ECC00FFF67B /* FindModel.m */,
			);
			path = FindModel;
			sourceTree = "<group>";
		};
		240F9B07235D3ECD00FFF67B /* SolarElevationAngleModel */ = {
			isa = PBXGroup;
			children = (
				240F9B08235D3ECD00FFF67B /* SolarElevationAngleModel.m */,
				240F9B09235D3ECD00FFF67B /* SolarElevationAngleModel.h */,
			);
			path = SolarElevationAngleModel;
			sourceTree = "<group>";
		};
		240F9B0A235D3ECD00FFF67B /* RootModel */ = {
			isa = PBXGroup;
			children = (
				240F9B0C235D3ECD00FFF67B /* SearchWeatherResponseModel.h */,
				240F9B0E235D3ECD00FFF67B /* SearchWeatherResponseModel.m */,
				240F9B0B235D3ECD00FFF67B /* WeatherResponseModel.h */,
				240F9B0D235D3ECD00FFF67B /* WeatherResponseModel.m */,
			);
			path = RootModel;
			sourceTree = "<group>";
		};
		240F9B0F235D3ECD00FFF67B /* AlarmAllModel */ = {
			isa = PBXGroup;
			children = (
				240F9B10235D3ECD00FFF67B /* AlarmAllModel.h */,
				240F9B11235D3ECD00FFF67B /* AlarmAllModel.m */,
			);
			path = AlarmAllModel;
			sourceTree = "<group>";
		};
		240F9B12235D3ECD00FFF67B /* WeatherGridForecastModel */ = {
			isa = PBXGroup;
			children = (
				240F9B13235D3ECD00FFF67B /* WeatherGridForecastModel.m */,
				240F9B14235D3ECD00FFF67B /* WeatherGridForecastModel.h */,
			);
			path = WeatherGridForecastModel;
			sourceTree = "<group>";
		};
		247F4AAC2123F40E00C62234 = {
			isa = PBXGroup;
			children = (
				247F4AB72123F40E00C62234 /* HeWeatherDemo */,
				247F4AD02123F41000C62234 /* HeWeatherDemoTests */,
				247F4ADB2123F41000C62234 /* HeWeatherDemoUITests */,
				247F4AB62123F40E00C62234 /* Products */,
				4E65712CBCD4ED44B0CA62F4 /* Pods */,
				AED3ECCA04DAD5EB1A88B6FF /* Frameworks */,
			);
			sourceTree = "<group>";
		};
		247F4AB62123F40E00C62234 /* Products */ = {
			isa = PBXGroup;
			children = (
				247F4AB52123F40E00C62234 /* HeWeatherDemo.app */,
				247F4ACD2123F41000C62234 /* HeWeatherDemoTests.xctest */,
				247F4AD82123F41000C62234 /* HeWeatherDemoUITests.xctest */,
			);
			name = Products;
			sourceTree = "<group>";
		};
		247F4AB72123F40E00C62234 /* HeWeatherDemo */ = {
			isa = PBXGroup;
			children = (
				247F4AB82123F40E00C62234 /* AppDelegate.h */,
				247F4AB92123F40E00C62234 /* AppDelegate.m */,
				247F4ABB2123F40E00C62234 /* ViewController.h */,
				247F4ABC2123F40E00C62234 /* ViewController.m */,
				240F9A5023583A7000FFF67B /* Models */,
				247F4AEE212438F200C62234 /* Weather */,
				247F4ABE2123F40E00C62234 /* Main.storyboard */,
				247F4AC12123F40F00C62234 /* Assets.xcassets */,
				247F4AC32123F40F00C62234 /* LaunchScreen.storyboard */,
				247F4AC62123F40F00C62234 /* Info.plist */,
				247F4AC72123F40F00C62234 /* main.m */,
				24EC8687213BA5710054D300 /* PrefixHeader.pch */,
			);
			path = HeWeatherDemo;
			sourceTree = "<group>";
		};
		247F4AD02123F41000C62234 /* HeWeatherDemoTests */ = {
			isa = PBXGroup;
			children = (
				247F4AD12123F41000C62234 /* HeWeatherDemoTests.m */,
				247F4AD32123F41000C62234 /* Info.plist */,
			);
			path = HeWeatherDemoTests;
			sourceTree = "<group>";
		};
		247F4ADB2123F41000C62234 /* HeWeatherDemoUITests */ = {
			isa = PBXGroup;
			children = (
				247F4ADC2123F41000C62234 /* HeWeatherDemoUITests.m */,
				247F4ADE2123F41000C62234 /* Info.plist */,
			);
			path = HeWeatherDemoUITests;
			sourceTree = "<group>";
		};
		247F4AEE212438F200C62234 /* Weather */ = {
			isa = PBXGroup;
			children = (
				240F9AC9235D3E9900FFF67B /* AllWeatherInquieirs.h */,
				240F9AC7235D3E9900FFF67B /* AllWeatherInquieirs.m */,
				240F9ACA235D3E9900FFF67B /* AllWeatherInquieirs+Property.h */,
				240F9AC6235D3E9900FFF67B /* AllWeatherInquieirs+Request.h */,
				240F9AC4235D3E9900FFF67B /* AllWeatherInquieirs+Request.m */,
				240F9AC8235D3E9900FFF67B /* AllWeatherInquieirs+Tool.h */,
				240F9AC3235D3E9800FFF67B /* AllWeatherInquieirs+Tool.m */,
				240F9AC5235D3E9900FFF67B /* DataBaseClasses.h */,
			);
			path = Weather;
			sourceTree = "<group>";
		};
		4E65712CBCD4ED44B0CA62F4 /* Pods */ = {
			isa = PBXGroup;
			children = (
				44226196EB57B0885D21CFF6 /* Pods-HeWeatherDemo.debug.xcconfig */,
				4EF24001185802020AD65BB7 /* Pods-HeWeatherDemo.release.xcconfig */,
			);
			name = Pods;
			sourceTree = "<group>";
		};
		AED3ECCA04DAD5EB1A88B6FF /* Frameworks */ = {
			isa = PBXGroup;
			children = (
				4737881B32F8814B53640E2F /* libPods-HeWeatherDemo.a */,
			);
			name = Frameworks;
			sourceTree = "<group>";
		};
/* End PBXGroup section */

/* Begin PBXNativeTarget section */
		247F4AB42123F40E00C62234 /* HeWeatherDemo */ = {
			isa = PBXNativeTarget;
			buildConfigurationList = 247F4AE12123F41000C62234 /* Build configuration list for PBXNativeTarget "HeWeatherDemo" */;
			buildPhases = (
				FCC1B6890BAD2BE1056FE6B3 /* [CP] Check Pods Manifest.lock */,
				247F4AB12123F40E00C62234 /* Sources */,
				247F4AB22123F40E00C62234 /* Frameworks */,
				247F4AB32123F40E00C62234 /* Resources */,
			);
			buildRules = (
			);
			dependencies = (
			);
			name = HeWeatherDemo;
			productName = HeWeatherDemo;
			productReference = 247F4AB52123F40E00C62234 /* HeWeatherDemo.app */;
			productType = "com.apple.product-type.application";
		};
		247F4ACC2123F41000C62234 /* HeWeatherDemoTests */ = {
			isa = PBXNativeTarget;
			buildConfigurationList = 247F4AE42123F41000C62234 /* Build configuration list for PBXNativeTarget "HeWeatherDemoTests" */;
			buildPhases = (
				247F4AC92123F41000C62234 /* Sources */,
				247F4ACA2123F41000C62234 /* Frameworks */,
				247F4ACB2123F41000C62234 /* Resources */,
			);
			buildRules = (
			);
			dependencies = (
				247F4ACF2123F41000C62234 /* PBXTargetDependency */,
			);
			name = HeWeatherDemoTests;
			productName = HeWeatherDemoTests;
			productReference = 247F4ACD2123F41000C62234 /* HeWeatherDemoTests.xctest */;
			productType = "com.apple.product-type.bundle.unit-test";
		};
		247F4AD72123F41000C62234 /* HeWeatherDemoUITests */ = {
			isa = PBXNativeTarget;
			buildConfigurationList = 247F4AE72123F41000C62234 /* Build configuration list for PBXNativeTarget "HeWeatherDemoUITests" */;
			buildPhases = (
				247F4AD42123F41000C62234 /* Sources */,
				247F4AD52123F41000C62234 /* Frameworks */,
				247F4AD62123F41000C62234 /* Resources */,
			);
			buildRules = (
			);
			dependencies = (
				247F4ADA2123F41000C62234 /* PBXTargetDependency */,
			);
			name = HeWeatherDemoUITests;
			productName = HeWeatherDemoUITests;
			productReference = 247F4AD82123F41000C62234 /* HeWeatherDemoUITests.xctest */;
			productType = "com.apple.product-type.bundle.ui-testing";
		};
/* End PBXNativeTarget section */

/* Begin PBXProject section */
		247F4AAD2123F40E00C62234 /* Project object */ = {
			isa = PBXProject;
			attributes = {
				LastUpgradeCheck = 0940;
				ORGANIZATIONNAME = "宋朝阳";
				TargetAttributes = {
					247F4AB42123F40E00C62234 = {
						CreatedOnToolsVersion = 9.4.1;
					};
					247F4ACC2123F41000C62234 = {
						CreatedOnToolsVersion = 9.4.1;
						TestTargetID = 247F4AB42123F40E00C62234;
					};
					247F4AD72123F41000C62234 = {
						CreatedOnToolsVersion = 9.4.1;
						TestTargetID = 247F4AB42123F40E00C62234;
					};
				};
			};
			buildConfigurationList = 247F4AB02123F40E00C62234 /* Build configuration list for PBXProject "HeWeatherDemo" */;
			compatibilityVersion = "Xcode 9.3";
			developmentRegion = en;
			hasScannedForEncodings = 0;
			knownRegions = (
				en,
				Base,
			);
			mainGroup = 247F4AAC2123F40E00C62234;
			productRefGroup = 247F4AB62123F40E00C62234 /* Products */;
			projectDirPath = "";
			projectRoot = "";
			targets = (
				247F4AB42123F40E00C62234 /* HeWeatherDemo */,
				247F4ACC2123F41000C62234 /* HeWeatherDemoTests */,
				247F4AD72123F41000C62234 /* HeWeatherDemoUITests */,
			);
		};
/* End PBXProject section */

/* Begin PBXResourcesBuildPhase section */
		247F4AB32123F40E00C62234 /* Resources */ = {
			isa = PBXResourcesBuildPhase;
			buildActionMask = 2147483647;
			files = (
				247F4AC52123F40F00C62234 /* LaunchScreen.storyboard in Resources */,
				247F4AC22123F40F00C62234 /* Assets.xcassets in Resources */,
				247F4AC02123F40E00C62234 /* Main.storyboard in Resources */,
			);
			runOnlyForDeploymentPostprocessing = 0;
		};
		247F4ACB2123F41000C62234 /* Resources */ = {
			isa = PBXResourcesBuildPhase;
			buildActionMask = 2147483647;
			files = (
			);
			runOnlyForDeploymentPostprocessing = 0;
		};
		247F4AD62123F41000C62234 /* Resources */ = {
			isa = PBXResourcesBuildPhase;
			buildActionMask = 2147483647;
			files = (
			);
			runOnlyForDeploymentPostprocessing = 0;
		};
/* End PBXResourcesBuildPhase section */

/* Begin PBXShellScriptBuildPhase section */
		FCC1B6890BAD2BE1056FE6B3 /* [CP] Check Pods Manifest.lock */ = {
			isa = PBXShellScriptBuildPhase;
			buildActionMask = 2147483647;
			files = (
			);
			inputPaths = (
				"${PODS_PODFILE_DIR_PATH}/Podfile.lock",
				"${PODS_ROOT}/Manifest.lock",
			);
			name = "[CP] Check Pods Manifest.lock";
			outputPaths = (
				"$(DERIVED_FILE_DIR)/Pods-HeWeatherDemo-checkManifestLockResult.txt",
			);
			runOnlyForDeploymentPostprocessing = 0;
			shellPath = /bin/sh;
			shellScript = "diff \"${PODS_PODFILE_DIR_PATH}/Podfile.lock\" \"${PODS_ROOT}/Manifest.lock\" > /dev/null\nif [ $? != 0 ] ; then\n    # print error to STDERR\n    echo \"error: The sandbox is not in sync with the Podfile.lock. Run 'pod install' or update your CocoaPods installation.\" >&2\n    exit 1\nfi\n# This output is used by Xcode 'outputs' to avoid re-running this script phase.\necho \"SUCCESS\" > \"${SCRIPT_OUTPUT_FILE_0}\"\n";
			showEnvVarsInLog = 0;
		};
/* End PBXShellScriptBuildPhase section */

/* Begin PBXSourcesBuildPhase section */
		247F4AB12123F40E00C62234 /* Sources */ = {
			isa = PBXSourcesBuildPhase;
			buildActionMask = 2147483647;
			files = (
				240F9B15235D3ECD00FFF67B /* WeatherGridMinuteModel.m in Sources */,
				240F9B27235D3ECD00FFF67B /* FindModel.m in Sources */,
				240F9B1C235D3ECD00FFF67B /* TopModel.m in Sources */,
				240F9ACD235D3E9900FFF67B /* AllWeatherInquieirs.m in Sources */,
				240F9ACB235D3E9900FFF67B /* AllWeatherInquieirs+Tool.m in Sources */,
				247F4ABD2123F40E00C62234 /* ViewController.m in Sources */,
				240F9B2B235D3ECD00FFF67B /* AlarmAllModel.m in Sources */,
				240F9B1E235D3ECD00FFF67B /* AlarmModel.m in Sources */,
				247F4AC82123F40F00C62234 /* main.m in Sources */,
				240F9B2C235D3ECD00FFF67B /* WeatherGridForecastModel.m in Sources */,
				240F9ACC235D3E9900FFF67B /* AllWeatherInquieirs+Request.m in Sources */,
				240F9B1A235D3ECD00FFF67B /* WeatherModel.m in Sources */,
				247F4ABA2123F40E00C62234 /* AppDelegate.m in Sources */,
				240F9B25235D3ECD00FFF67B /* WeatherLifestyleModel.m in Sources */,
				240F9B26235D3ECD00FFF67B /* WeatherHourlyModel.m in Sources */,
				240F9B20235D3ECD00FFF67B /* AirModel.m in Sources */,
				240F9B22235D3ECD00FFF67B /* WeatherGridNowModel.m in Sources */,
				240F9B1B235D3ECD00FFF67B /* WeatherNowModel.m in Sources */,
				240F9B29235D3ECD00FFF67B /* WeatherResponseModel.m in Sources */,
				240F9B24235D3ECD00FFF67B /* AirForecastModel.m in Sources */,
				240F9B16235D3ECD00FFF67B /* SearchModel.m in Sources */,
				240F9B2A235D3ECD00FFF67B /* SearchWeatherResponseModel.m in Sources */,
				240F9B1F235D3ECD00FFF67B /* WeatherForecastModel.m in Sources */,
				240F9B28235D3ECD00FFF67B /* SolarElevationAngleModel.m in Sources */,
				240F9B21235D3ECD00FFF67B /* AirNowModel.m in Sources */,
				240F9B19235D3ECD00FFF67B /* AirHourlyModel.m in Sources */,
				240F9B23235D3ECD00FFF67B /* SolarSunriseSunsetModel.m in Sources */,
				240F9B1D235D3ECD00FFF67B /* ScenicModel.m in Sources */,
				240F9B18235D3ECD00FFF67B /* WeatherHistoricalModel.m in Sources */,
				240F9B17235D3ECD00FFF67B /* WeatherGridHourlyModel.m in Sources */,
			);
			runOnlyForDeploymentPostprocessing = 0;
		};
		247F4AC92123F41000C62234 /* Sources */ = {
			isa = PBXSourcesBuildPhase;
			buildActionMask = 2147483647;
			files = (
				247F4AD22123F41000C62234 /* HeWeatherDemoTests.m in Sources */,
			);
			runOnlyForDeploymentPostprocessing = 0;
		};
		247F4AD42123F41000C62234 /* Sources */ = {
			isa = PBXSourcesBuildPhase;
			buildActionMask = 2147483647;
			files = (
				247F4ADD2123F41000C62234 /* HeWeatherDemoUITests.m in Sources */,
			);
			runOnlyForDeploymentPostprocessing = 0;
		};
/* End PBXSourcesBuildPhase section */

/* Begin PBXTargetDependency section */
		247F4ACF2123F41000C62234 /* PBXTargetDependency */ = {
			isa = PBXTargetDependency;
			target = 247F4AB42123F40E00C62234 /* HeWeatherDemo */;
			targetProxy = 247F4ACE2123F41000C62234 /* PBXContainerItemProxy */;
		};
		247F4ADA2123F41000C62234 /* PBXTargetDependency */ = {
			isa = PBXTargetDependency;
			target = 247F4AB42123F40E00C62234 /* HeWeatherDemo */;
			targetProxy = 247F4AD92123F41000C62234 /* PBXContainerItemProxy */;
		};
/* End PBXTargetDependency section */

/* Begin PBXVariantGroup section */
		247F4ABE2123F40E00C62234 /* Main.storyboard */ = {
			isa = PBXVariantGroup;
			children = (
				247F4ABF2123F40E00C62234 /* Base */,
			);
			name = Main.storyboard;
			sourceTree = "<group>";
		};
		247F4AC32123F40F00C62234 /* LaunchScreen.storyboard */ = {
			isa = PBXVariantGroup;
			children = (
				247F4AC42123F40F00C62234 /* Base */,
			);
			name = LaunchScreen.storyboard;
			sourceTree = "<group>";
		};
/* End PBXVariantGroup section */

/* Begin XCBuildConfiguration section */
		247F4ADF2123F41000C62234 /* Debug */ = {
			isa = XCBuildConfiguration;
			buildSettings = {
				ALWAYS_SEARCH_USER_PATHS = NO;
				CLANG_ANALYZER_NONNULL = YES;
				CLANG_ANALYZER_NUMBER_OBJECT_CONVERSION = YES_AGGRESSIVE;
				CLANG_CXX_LANGUAGE_STANDARD = "gnu++14";
				CLANG_CXX_LIBRARY = "libc++";
				CLANG_ENABLE_MODULES = YES;
				CLANG_ENABLE_OBJC_ARC = YES;
				CLANG_ENABLE_OBJC_WEAK = YES;
				CLANG_WARN_BLOCK_CAPTURE_AUTORELEASING = YES;
				CLANG_WARN_BOOL_CONVERSION = YES;
				CLANG_WARN_COMMA = YES;
				CLANG_WARN_CONSTANT_CONVERSION = YES;
				CLANG_WARN_DEPRECATED_OBJC_IMPLEMENTATIONS = YES;
				CLANG_WARN_DIRECT_OBJC_ISA_USAGE = YES_ERROR;
				CLANG_WARN_DOCUMENTATION_COMMENTS = YES;
				CLANG_WARN_EMPTY_BODY = YES;
				CLANG_WARN_ENUM_CONVERSION = YES;
				CLANG_WARN_INFINITE_RECURSION = YES;
				CLANG_WARN_INT_CONVERSION = YES;
				CLANG_WARN_NON_LITERAL_NULL_CONVERSION = YES;
				CLANG_WARN_OBJC_IMPLICIT_RETAIN_SELF = YES;
				CLANG_WARN_OBJC_LITERAL_CONVERSION = YES;
				CLANG_WARN_OBJC_ROOT_CLASS = YES_ERROR;
				CLANG_WARN_RANGE_LOOP_ANALYSIS = YES;
				CLANG_WARN_STRICT_PROTOTYPES = YES;
				CLANG_WARN_SUSPICIOUS_MOVE = YES;
				CLANG_WARN_UNGUARDED_AVAILABILITY = YES_AGGRESSIVE;
				CLANG_WARN_UNREACHABLE_CODE = YES;
				CLANG_WARN__DUPLICATE_METHOD_MATCH = YES;
				CODE_SIGN_IDENTITY = "iPhone Developer";
				COPY_PHASE_STRIP = NO;
				DEBUG_INFORMATION_FORMAT = dwarf;
				ENABLE_STRICT_OBJC_MSGSEND = YES;
				ENABLE_TESTABILITY = YES;
				GCC_C_LANGUAGE_STANDARD = gnu11;
				GCC_DYNAMIC_NO_PIC = NO;
				GCC_NO_COMMON_BLOCKS = YES;
				GCC_OPTIMIZATION_LEVEL = 0;
				GCC_PREPROCESSOR_DEFINITIONS = (
					"DEBUG=1",
					"$(inherited)",
				);
				GCC_WARN_64_TO_32_BIT_CONVERSION = YES;
				GCC_WARN_ABOUT_RETURN_TYPE = YES_ERROR;
				GCC_WARN_UNDECLARED_SELECTOR = YES;
				GCC_WARN_UNINITIALIZED_AUTOS = YES_AGGRESSIVE;
				GCC_WARN_UNUSED_FUNCTION = YES;
				GCC_WARN_UNUSED_VARIABLE = YES;
				IPHONEOS_DEPLOYMENT_TARGET = 11.4;
				MTL_ENABLE_DEBUG_INFO = YES;
				ONLY_ACTIVE_ARCH = YES;
				SDKROOT = iphoneos;
			};
			name = Debug;
		};
		247F4AE02123F41000C62234 /* Release */ = {
			isa = XCBuildConfiguration;
			buildSettings = {
				ALWAYS_SEARCH_USER_PATHS = NO;
				CLANG_ANALYZER_NONNULL = YES;
				CLANG_ANALYZER_NUMBER_OBJECT_CONVERSION = YES_AGGRESSIVE;
				CLANG_CXX_LANGUAGE_STANDARD = "gnu++14";
				CLANG_CXX_LIBRARY = "libc++";
				CLANG_ENABLE_MODULES = YES;
				CLANG_ENABLE_OBJC_ARC = YES;
				CLANG_ENABLE_OBJC_WEAK = YES;
				CLANG_WARN_BLOCK_CAPTURE_AUTORELEASING = YES;
				CLANG_WARN_BOOL_CONVERSION = YES;
				CLANG_WARN_COMMA = YES;
				CLANG_WARN_CONSTANT_CONVERSION = YES;
				CLANG_WARN_DEPRECATED_OBJC_IMPLEMENTATIONS = YES;
				CLANG_WARN_DIRECT_OBJC_ISA_USAGE = YES_ERROR;
				CLANG_WARN_DOCUMENTATION_COMMENTS = YES;
				CLANG_WARN_EMPTY_BODY = YES;
				CLANG_WARN_ENUM_CONVERSION = YES;
				CLANG_WARN_INFINITE_RECURSION = YES;
				CLANG_WARN_INT_CONVERSION = YES;
				CLANG_WARN_NON_LITERAL_NULL_CONVERSION = YES;
				CLANG_WARN_OBJC_IMPLICIT_RETAIN_SELF = YES;
				CLANG_WARN_OBJC_LITERAL_CONVERSION = YES;
				CLANG_WARN_OBJC_ROOT_CLASS = YES_ERROR;
				CLANG_WARN_RANGE_LOOP_ANALYSIS = YES;
				CLANG_WARN_STRICT_PROTOTYPES = YES;
				CLANG_WARN_SUSPICIOUS_MOVE = YES;
				CLANG_WARN_UNGUARDED_AVAILABILITY = YES_AGGRESSIVE;
				CLANG_WARN_UNREACHABLE_CODE = YES;
				CLANG_WARN__DUPLICATE_METHOD_MATCH = YES;
				CODE_SIGN_IDENTITY = "iPhone Developer";
				COPY_PHASE_STRIP = NO;
				DEBUG_INFORMATION_FORMAT = "dwarf-with-dsym";
				ENABLE_NS_ASSERTIONS = NO;
				ENABLE_STRICT_OBJC_MSGSEND = YES;
				GCC_C_LANGUAGE_STANDARD = gnu11;
				GCC_NO_COMMON_BLOCKS = YES;
				GCC_WARN_64_TO_32_BIT_CONVERSION = YES;
				GCC_WARN_ABOUT_RETURN_TYPE = YES_ERROR;
				GCC_WARN_UNDECLARED_SELECTOR = YES;
				GCC_WARN_UNINITIALIZED_AUTOS = YES_AGGRESSIVE;
				GCC_WARN_UNUSED_FUNCTION = YES;
				GCC_WARN_UNUSED_VARIABLE = YES;
				IPHONEOS_DEPLOYMENT_TARGET = 11.4;
				MTL_ENABLE_DEBUG_INFO = NO;
				SDKROOT = iphoneos;
				VALIDATE_PRODUCT = YES;
			};
			name = Release;
		};
		247F4AE22123F41000C62234 /* Debug */ = {
			isa = XCBuildConfiguration;
			baseConfigurationReference = 44226196EB57B0885D21CFF6 /* Pods-HeWeatherDemo.debug.xcconfig */;
			buildSettings = {
				ASSETCATALOG_COMPILER_APPICON_NAME = AppIcon;
				CODE_SIGN_STYLE = Automatic;
				DEVELOPMENT_TEAM = 95J6EU4744;
				INFOPLIST_FILE = HeWeatherDemo/Info.plist;
				IPHONEOS_DEPLOYMENT_TARGET = 9.0;
				LD_RUNPATH_SEARCH_PATHS = (
					"$(inherited)",
					"@executable_path/Frameworks",
				);
				PRODUCT_BUNDLE_IDENTIFIER = song.HeWeatherDemo;
				PRODUCT_NAME = "$(TARGET_NAME)";
				TARGETED_DEVICE_FAMILY = "1,2";
			};
			name = Debug;
		};
		247F4AE32123F41000C62234 /* Release */ = {
			isa = XCBuildConfiguration;
			baseConfigurationReference = 4EF24001185802020AD65BB7 /* Pods-HeWeatherDemo.release.xcconfig */;
			buildSettings = {
				ASSETCATALOG_COMPILER_APPICON_NAME = AppIcon;
				CODE_SIGN_STYLE = Automatic;
				DEVELOPMENT_TEAM = 95J6EU4744;
				INFOPLIST_FILE = HeWeatherDemo/Info.plist;
				IPHONEOS_DEPLOYMENT_TARGET = 9.0;
				LD_RUNPATH_SEARCH_PATHS = (
					"$(inherited)",
					"@executable_path/Frameworks",
				);
				PRODUCT_BUNDLE_IDENTIFIER = song.HeWeatherDemo;
				PRODUCT_NAME = "$(TARGET_NAME)";
				TARGETED_DEVICE_FAMILY = "1,2";
			};
			name = Release;
		};
		247F4AE52123F41000C62234 /* Debug */ = {
			isa = XCBuildConfiguration;
			buildSettings = {
				BUNDLE_LOADER = "$(TEST_HOST)";
				CODE_SIGN_STYLE = Automatic;
				DEVELOPMENT_TEAM = 95J6EU4744;
				INFOPLIST_FILE = HeWeatherDemoTests/Info.plist;
				LD_RUNPATH_SEARCH_PATHS = (
					"$(inherited)",
					"@executable_path/Frameworks",
					"@loader_path/Frameworks",
				);
				PRODUCT_BUNDLE_IDENTIFIER = song.HeWeatherDemoTests;
				PRODUCT_NAME = "$(TARGET_NAME)";
				TARGETED_DEVICE_FAMILY = "1,2";
				TEST_HOST = "$(BUILT_PRODUCTS_DIR)/HeWeatherDemo.app/HeWeatherDemo";
			};
			name = Debug;
		};
		247F4AE62123F41000C62234 /* Release */ = {
			isa = XCBuildConfiguration;
			buildSettings = {
				BUNDLE_LOADER = "$(TEST_HOST)";
				CODE_SIGN_STYLE = Automatic;
				DEVELOPMENT_TEAM = 95J6EU4744;
				INFOPLIST_FILE = HeWeatherDemoTests/Info.plist;
				LD_RUNPATH_SEARCH_PATHS = (
					"$(inherited)",
					"@executable_path/Frameworks",
					"@loader_path/Frameworks",
				);
				PRODUCT_BUNDLE_IDENTIFIER = song.HeWeatherDemoTests;
				PRODUCT_NAME = "$(TARGET_NAME)";
				TARGETED_DEVICE_FAMILY = "1,2";
				TEST_HOST = "$(BUILT_PRODUCTS_DIR)/HeWeatherDemo.app/HeWeatherDemo";
			};
			name = Release;
		};
		247F4AE82123F41000C62234 /* Debug */ = {
			isa = XCBuildConfiguration;
			buildSettings = {
				CODE_SIGN_STYLE = Automatic;
				DEVELOPMENT_TEAM = 95J6EU4744;
				INFOPLIST_FILE = HeWeatherDemoUITests/Info.plist;
				LD_RUNPATH_SEARCH_PATHS = (
					"$(inherited)",
					"@executable_path/Frameworks",
					"@loader_path/Frameworks",
				);
				PRODUCT_BUNDLE_IDENTIFIER = song.HeWeatherDemoUITests;
				PRODUCT_NAME = "$(TARGET_NAME)";
				TARGETED_DEVICE_FAMILY = "1,2";
				TEST_TARGET_NAME = HeWeatherDemo;
			};
			name = Debug;
		};
		247F4AE92123F41000C62234 /* Release */ = {
			isa = XCBuildConfiguration;
			buildSettings = {
				CODE_SIGN_STYLE = Automatic;
				DEVELOPMENT_TEAM = 95J6EU4744;
				INFOPLIST_FILE = HeWeatherDemoUITests/Info.plist;
				LD_RUNPATH_SEARCH_PATHS = (
					"$(inherited)",
					"@executable_path/Frameworks",
					"@loader_path/Frameworks",
				);
				PRODUCT_BUNDLE_IDENTIFIER = song.HeWeatherDemoUITests;
				PRODUCT_NAME = "$(TARGET_NAME)";
				TARGETED_DEVICE_FAMILY = "1,2";
				TEST_TARGET_NAME = HeWeatherDemo;
			};
			name = Release;
		};
/* End XCBuildConfiguration section */

/* Begin XCConfigurationList section */
		247F4AB02123F40E00C62234 /* Build configuration list for PBXProject "HeWeatherDemo" */ = {
			isa = XCConfigurationList;
			buildConfigurations = (
				247F4ADF2123F41000C62234 /* Debug */,
				247F4AE02123F41000C62234 /* Release */,
			);
			defaultConfigurationIsVisible = 0;
			defaultConfigurationName = Release;
		};
		247F4AE12123F41000C62234 /* Build configuration list for PBXNativeTarget "HeWeatherDemo" */ = {
			isa = XCConfigurationList;
			buildConfigurations = (
				247F4AE22123F41000C62234 /* Debug */,
				247F4AE32123F41000C62234 /* Release */,
			);
			defaultConfigurationIsVisible = 0;
			defaultConfigurationName = Release;
		};
		247F4AE42123F41000C62234 /* Build configuration list for PBXNativeTarget "HeWeatherDemoTests" */ = {
			isa = XCConfigurationList;
			buildConfigurations = (
				247F4AE52123F41000C62234 /* Debug */,
				247F4AE62123F41000C62234 /* Release */,
			);
			defaultConfigurationIsVisible = 0;
			defaultConfigurationName = Release;
		};
		247F4AE72123F41000C62234 /* Build configuration list for PBXNativeTarget "HeWeatherDemoUITests" */ = {
			isa = XCConfigurationList;
			buildConfigurations = (
				247F4AE82123F41000C62234 /* Debug */,
				247F4AE92123F41000C62234 /* Release */,
			);
			defaultConfigurationIsVisible = 0;
			defaultConfigurationName = Release;
		};
/* End XCConfigurationList section */
	};
	rootObject = 247F4AAD2123F40E00C62234 /* Project object */;
}
